// !$*UTF8*$!
{
	archiveVersion = 1;
	classes = {
	};
	objectVersion = 56;
	objects = {

/* Begin PBXBuildFile section */
		0B1C22642BB20031003C5C0E /* FoodsClassificatorApp.swift in Sources */ = {isa = PBXBuildFile; fileRef = 0B1C22632BB20031003C5C0E /* FoodsClassificatorApp.swift */; };
		0B1C22742BB20551003C5C0E /* HomeTexts.swift in Sources */ = {isa = PBXBuildFile; fileRef = 0B1C22732BB20551003C5C0E /* HomeTexts.swift */; };
		0B1C227F2BB20C4A003C5C0E /* MacrosComponentHomeView.swift in Sources */ = {isa = PBXBuildFile; fileRef = 0B1C227A2BB20C4A003C5C0E /* MacrosComponentHomeView.swift */; };
		0B1C22802BB20C4A003C5C0E /* HeaderView.swift in Sources */ = {isa = PBXBuildFile; fileRef = 0B1C227B2BB20C4A003C5C0E /* HeaderView.swift */; };
		0B1C22812BB20C4A003C5C0E /* UserNameComponentHomeView.swift in Sources */ = {isa = PBXBuildFile; fileRef = 0B1C227C2BB20C4A003C5C0E /* UserNameComponentHomeView.swift */; };
		0B1C22822BB20C4A003C5C0E /* ProgressBarComponentViewHome.swift in Sources */ = {isa = PBXBuildFile; fileRef = 0B1C227D2BB20C4A003C5C0E /* ProgressBarComponentViewHome.swift */; };
		0B1C22832BB20C4A003C5C0E /* UserPhotoAndStreakComponentHomeView.swift in Sources */ = {isa = PBXBuildFile; fileRef = 0B1C227E2BB20C4A003C5C0E /* UserPhotoAndStreakComponentHomeView.swift */; };
		0B1C22882BB20C61003C5C0E /* MealCircleComponentHomeView.swift in Sources */ = {isa = PBXBuildFile; fileRef = 0B1C22842BB20C61003C5C0E /* MealCircleComponentHomeView.swift */; };
		0B1C22892BB20C61003C5C0E /* WaterRectangleComponentHomeView.swift in Sources */ = {isa = PBXBuildFile; fileRef = 0B1C22852BB20C61003C5C0E /* WaterRectangleComponentHomeView.swift */; };
		0B1C228A2BB20C61003C5C0E /* MealsCarrouselHomeView.swift in Sources */ = {isa = PBXBuildFile; fileRef = 0B1C22862BB20C61003C5C0E /* MealsCarrouselHomeView.swift */; };
		0B1C228B2BB20C61003C5C0E /* DatePickerComponentHomeView.swift in Sources */ = {isa = PBXBuildFile; fileRef = 0B1C22872BB20C61003C5C0E /* DatePickerComponentHomeView.swift */; };
		0B1C228D2BB20C74003C5C0E /* HomeView.swift in Sources */ = {isa = PBXBuildFile; fileRef = 0B1C228C2BB20C74003C5C0E /* HomeView.swift */; };
		0B1C228F2BB20C82003C5C0E /* HomeViewModel.swift in Sources */ = {isa = PBXBuildFile; fileRef = 0B1C228E2BB20C82003C5C0E /* HomeViewModel.swift */; };
		0B1C22922BB35754003C5C0E /* (null) in Frameworks */ = {isa = PBXBuildFile; };
		0B377F692BBC4584002107B3 /* CircularProgressBar.swift in Sources */ = {isa = PBXBuildFile; fileRef = 0B377F682BBC4584002107B3 /* CircularProgressBar.swift */; };
		0B63392D2BC0378B002D56E7 /* AddMealView.swift in Sources */ = {isa = PBXBuildFile; fileRef = 0B63392C2BC0378B002D56E7 /* AddMealView.swift */; };
		0B6339362BC03CE9002D56E7 /* AddMealViewModel.swift in Sources */ = {isa = PBXBuildFile; fileRef = 0B6339352BC03CE9002D56E7 /* AddMealViewModel.swift */; };
		0B63393C2BC071B3002D56E7 /* UseCameraView.swift in Sources */ = {isa = PBXBuildFile; fileRef = 0B63393B2BC071B3002D56E7 /* UseCameraView.swift */; };
		0B63393E2BC0728F002D56E7 /* SearchFoodView.swift in Sources */ = {isa = PBXBuildFile; fileRef = 0B63393D2BC0728F002D56E7 /* SearchFoodView.swift */; };
		0B6339402BC09A12002D56E7 /* FoodItemCell.swift in Sources */ = {isa = PBXBuildFile; fileRef = 0B63393F2BC09A12002D56E7 /* FoodItemCell.swift */; };
		0B6339422BC34B68002D56E7 /* SpeechRecognizerManager.swift in Sources */ = {isa = PBXBuildFile; fileRef = 0B6339412BC34B68002D56E7 /* SpeechRecognizerManager.swift */; };
		0B6339462BC43030002D56E7 /* ExpandedFoodDetailView.swift in Sources */ = {isa = PBXBuildFile; fileRef = 0B6339452BC43030002D56E7 /* ExpandedFoodDetailView.swift */; };
		0B6339482BC44150002D56E7 /* CustomPickerView.swift in Sources */ = {isa = PBXBuildFile; fileRef = 0B6339472BC44150002D56E7 /* CustomPickerView.swift */; };
		0B63394A2BC4D20F002D56E7 /* Alamofire in Frameworks */ = {isa = PBXBuildFile; productRef = 0B6339492BC4D20F002D56E7 /* Alamofire */; };
		0B73E8532BACB65A00C6F91D /* BarcodeSeachResponse.swift in Sources */ = {isa = PBXBuildFile; fileRef = 0B73E8522BACB65A00C6F91D /* BarcodeSeachResponse.swift */; };
		0B73E8552BACB6F300C6F91D /* BarcodeAPIManager.swift in Sources */ = {isa = PBXBuildFile; fileRef = 0B73E8542BACB6F300C6F91D /* BarcodeAPIManager.swift */; };
		0B73E8572BAF55DD00C6F91D /* RecentMealsView.swift in Sources */ = {isa = PBXBuildFile; fileRef = 0B73E8562BAF55DD00C6F91D /* RecentMealsView.swift */; };
		0B73E85F2BAF5FEB00C6F91D /* RecentMealsViewModel.swift in Sources */ = {isa = PBXBuildFile; fileRef = 0B73E85E2BAF5FEB00C6F91D /* RecentMealsViewModel.swift */; };
		0B73E8612BAF601300C6F91D /* HeaderMealView.swift in Sources */ = {isa = PBXBuildFile; fileRef = 0B73E8602BAF601300C6F91D /* HeaderMealView.swift */; };
		0B73E8632BAF605B00C6F91D /* ProgressBar.swift in Sources */ = {isa = PBXBuildFile; fileRef = 0B73E8622BAF605B00C6F91D /* ProgressBar.swift */; };
		0B73E8652BAF609000C6F91D /* MacroCircle.swift in Sources */ = {isa = PBXBuildFile; fileRef = 0B73E8642BAF609000C6F91D /* MacroCircle.swift */; };
		0B73E8672BAF60F500C6F91D /* MacroNutrientsView.swift in Sources */ = {isa = PBXBuildFile; fileRef = 0B73E8662BAF60F500C6F91D /* MacroNutrientsView.swift */; };
		0B73E8692BAF627000C6F91D /* RecentMealCard.swift in Sources */ = {isa = PBXBuildFile; fileRef = 0B73E8682BAF627000C6F91D /* RecentMealCard.swift */; };
		0B73E86B2BAF62B800C6F91D /* Meal.swift in Sources */ = {isa = PBXBuildFile; fileRef = 0B73E86A2BAF62B800C6F91D /* Meal.swift */; };
		0B73E8702BAFAC0E00C6F91D /* SemiCircularProgressBar.swift in Sources */ = {isa = PBXBuildFile; fileRef = 0B73E86F2BAFAC0E00C6F91D /* SemiCircularProgressBar.swift */; };
		0B7F9CF92B9104ED0037B09B /* FoodAPIManager.swift in Sources */ = {isa = PBXBuildFile; fileRef = 0B7F9CF82B9104ED0037B09B /* FoodAPIManager.swift */; };
		0B7F9CFF2B91745E0037B09B /* IngredientSearchResponse.swift in Sources */ = {isa = PBXBuildFile; fileRef = 0B7F9CFE2B91745E0037B09B /* IngredientSearchResponse.swift */; };
		0B7F9D012B9179640037B09B /* NutritionModalView.swift in Sources */ = {isa = PBXBuildFile; fileRef = 0B7F9D002B9179640037B09B /* NutritionModalView.swift */; };
		0B7F9D032B91A63C0037B09B /* ContentViewModel.swift in Sources */ = {isa = PBXBuildFile; fileRef = 0B7F9D022B91A63C0037B09B /* ContentViewModel.swift */; };
		4A0404612BB20F1400BEDADD /* WaterModalComponentHomeView.swift in Sources */ = {isa = PBXBuildFile; fileRef = 4A0404602BB20F1400BEDADD /* WaterModalComponentHomeView.swift */; };
		4A1CCCBC2BBB4A6400ED750F /* OnboardingPage1.swift in Sources */ = {isa = PBXBuildFile; fileRef = 4A1CCCBB2BBB4A6400ED750F /* OnboardingPage1.swift */; };
		4A1CCCBE2BBB4A6F00ED750F /* OnboardingPage2.swift in Sources */ = {isa = PBXBuildFile; fileRef = 4A1CCCBD2BBB4A6F00ED750F /* OnboardingPage2.swift */; };
		4A1CCCC02BBB4A7A00ED750F /* OnboardingPage3.swift in Sources */ = {isa = PBXBuildFile; fileRef = 4A1CCCBF2BBB4A7A00ED750F /* OnboardingPage3.swift */; };
		4A1CCCC22BBB51FE00ED750F /* OnBoardingPageControl.swift in Sources */ = {isa = PBXBuildFile; fileRef = 4A1CCCC12BBB51FE00ED750F /* OnBoardingPageControl.swift */; };
		4A3F74892BC37B350080C021 /* FormsPage1.swift in Sources */ = {isa = PBXBuildFile; fileRef = 4A3F74882BC37B350080C021 /* FormsPage1.swift */; };
		4A3F748B2BC37CC60080C021 /* NextButtonLabel.swift in Sources */ = {isa = PBXBuildFile; fileRef = 4A3F748A2BC37CC60080C021 /* NextButtonLabel.swift */; };
		4A3F748D2BC3939B0080C021 /* FormsPage2.swift in Sources */ = {isa = PBXBuildFile; fileRef = 4A3F748C2BC3939B0080C021 /* FormsPage2.swift */; };
		4A3F74922BC39C950080C021 /* TextFieldRectangleComponent.swift in Sources */ = {isa = PBXBuildFile; fileRef = 4A3F74912BC39C950080C021 /* TextFieldRectangleComponent.swift */; };
		4A3F74942BC39CDD0080C021 /* QuestionTextComponent.swift in Sources */ = {isa = PBXBuildFile; fileRef = 4A3F74932BC39CDD0080C021 /* QuestionTextComponent.swift */; };
		4A3F74962BC39FD20080C021 /* FormModel.swift in Sources */ = {isa = PBXBuildFile; fileRef = 4A3F74952BC39FD20080C021 /* FormModel.swift */; };
		4A3F74982BC3A02F0080C021 /* FormViewModel.swift in Sources */ = {isa = PBXBuildFile; fileRef = 4A3F74972BC3A02F0080C021 /* FormViewModel.swift */; };
		4A3F749A2BC3A37F0080C021 /* FormProgressBar.swift in Sources */ = {isa = PBXBuildFile; fileRef = 4A3F74992BC3A37F0080C021 /* FormProgressBar.swift */; };
		4A3F749F2BC43D8B0080C021 /* FormsPage3.swift in Sources */ = {isa = PBXBuildFile; fileRef = 4A3F749E2BC43D8B0080C021 /* FormsPage3.swift */; };
		4A3F74A12BC4471F0080C021 /* FormsPage4.swift in Sources */ = {isa = PBXBuildFile; fileRef = 4A3F74A02BC4471F0080C021 /* FormsPage4.swift */; };
		4A3F74A32BC44FD40080C021 /* FormsPage5.swift in Sources */ = {isa = PBXBuildFile; fileRef = 4A3F74A22BC44FD40080C021 /* FormsPage5.swift */; };
		4A3F74A52BC44FF80080C021 /* FormsPage6.swift in Sources */ = {isa = PBXBuildFile; fileRef = 4A3F74A42BC44FF80080C021 /* FormsPage6.swift */; };
		4A60303D2BBF2EEC00082ECA /* Highlight.swift in Sources */ = {isa = PBXBuildFile; fileRef = 4A60303C2BBF2EEC00082ECA /* Highlight.swift */; };
		4A60303F2BBF422900082ECA /* TutorialHomeView.swift in Sources */ = {isa = PBXBuildFile; fileRef = 4A60303E2BBF422900082ECA /* TutorialHomeView.swift */; };
		4AB7665B2BB312860091042D /* CalculoCaloriasOnBoarding.swift in Sources */ = {isa = PBXBuildFile; fileRef = 4AB7665A2BB312860091042D /* CalculoCaloriasOnBoarding.swift */; };
		4AB85A342BBEFFF40075ADD9 /* ShowCaseHelper.swift in Sources */ = {isa = PBXBuildFile; fileRef = 4AB85A332BBEFFF40075ADD9 /* ShowCaseHelper.swift */; };
		3BE31CD72BBB373900E66F3E /* CameraPreview.swift in Sources */ = {isa = PBXBuildFile; fileRef = 3BE31CD62BBB373900E66F3E /* CameraPreview.swift */; };
		3BE31CD92BBB374D00E66F3E /* CameraController.swift in Sources */ = {isa = PBXBuildFile; fileRef = 3BE31CD82BBB374D00E66F3E /* CameraController.swift */; };
		3BE31CDB2BBB387600E66F3E /* Alamofire in Frameworks */ = {isa = PBXBuildFile; productRef = 3BE31CDA2BBB387600E66F3E /* Alamofire */; };
		4AD53C062B97B4FD00F2A8F8 /* NewImagePicker.swift in Sources */ = {isa = PBXBuildFile; fileRef = 4AD53C052B97B4FD00F2A8F8 /* NewImagePicker.swift */; };
		4AD53C082B97B55600F2A8F8 /* NewBoundingBoxesView.swift in Sources */ = {isa = PBXBuildFile; fileRef = 4AD53C072B97B55600F2A8F8 /* NewBoundingBoxesView.swift */; };
		4AD53C0C2B97B6A000F2A8F8 /* FoodDetection.mlmodel in Sources */ = {isa = PBXBuildFile; fileRef = 4AD53C0B2B97B6A000F2A8F8 /* FoodDetection.mlmodel */; };
		4AF7A7542BBD9FCF0057DF79 /* FooterView.swift in Sources */ = {isa = PBXBuildFile; fileRef = 4AF7A7532BBD9FCF0057DF79 /* FooterView.swift */; };
		4AF7A7592BBDAA5A0057DF79 /* FooterHomeViewModel.swift in Sources */ = {isa = PBXBuildFile; fileRef = 4AF7A7582BBDAA5A0057DF79 /* FooterHomeViewModel.swift */; };
		9B0D2C0B2BC068E70046EFF5 /* BackgroundShapeHeaderHomeView.swift in Sources */ = {isa = PBXBuildFile; fileRef = 9B0D2C0A2BC068E70046EFF5 /* BackgroundShapeHeaderHomeView.swift */; };
		9B5E50D52BAE058000D734C8 /* DateFormatterExtension.swift in Sources */ = {isa = PBXBuildFile; fileRef = 9B5E50D42BAE058000D734C8 /* DateFormatterExtension.swift */; };
		9B7735EC2BA8AEA100782303 /* dados_alimentos_completo.json in Resources */ = {isa = PBXBuildFile; fileRef = 9B7735EB2BA8AEA100782303 /* dados_alimentos_completo.json */; };
		9B8904932BB49A030058DFDD /* PerfilViewModel.swift in Sources */ = {isa = PBXBuildFile; fileRef = 9B8904922BB49A030058DFDD /* PerfilViewModel.swift */; };
		9B8904952BB49B4F0058DFDD /* UserNameComponentPerfilView.swift in Sources */ = {isa = PBXBuildFile; fileRef = 9B8904942BB49B4F0058DFDD /* UserNameComponentPerfilView.swift */; };
		9B8904992BB4A1BC0058DFDD /* PerfilTexts.swift in Sources */ = {isa = PBXBuildFile; fileRef = 9B8904982BB4A1BC0058DFDD /* PerfilTexts.swift */; };
		9BAFA53D2BC46C070089454A /* PerfilModel.swift in Sources */ = {isa = PBXBuildFile; fileRef = 9BAFA53C2BC46C070089454A /* PerfilModel.swift */; };
		9BDAA28A2BB496CE000627F9 /* PerfilView.swift in Sources */ = {isa = PBXBuildFile; fileRef = 9BDAA2892BB496CE000627F9 /* PerfilView.swift */; };
		9BDAA28C2BB496F3000627F9 /* PerfilImagePickerViewComponent.swift in Sources */ = {isa = PBXBuildFile; fileRef = 9BDAA28B2BB496F3000627F9 /* PerfilImagePickerViewComponent.swift */; };
		9BE179A22B8A567C0086877C /* ContentView.swift in Sources */ = {isa = PBXBuildFile; fileRef = 9BE179A12B8A567C0086877C /* ContentView.swift */; };
		9BE179A42B8A567D0086877C /* Assets.xcassets in Resources */ = {isa = PBXBuildFile; fileRef = 9BE179A32B8A567D0086877C /* Assets.xcassets */; };
		9BE179A72B8A567D0086877C /* Preview Assets.xcassets in Resources */ = {isa = PBXBuildFile; fileRef = 9BE179A62B8A567D0086877C /* Preview Assets.xcassets */; };
		9BE934192BC20FF100E52625 /* PerfilImageViewComponent.swift in Sources */ = {isa = PBXBuildFile; fileRef = 9BE934182BC20FF100E52625 /* PerfilImageViewComponent.swift */; };
		9BEBDF882BA760EA0077632C /* ExampleView.swift in Sources */ = {isa = PBXBuildFile; fileRef = 9BEBDF872BA760EA0077632C /* ExampleView.swift */; };
		9BEBDF8B2BA7611E0077632C /* ExampleViewModel.swift in Sources */ = {isa = PBXBuildFile; fileRef = 9BEBDF8A2BA7611E0077632C /* ExampleViewModel.swift */; };
		9BF7830F2BB4B5B3008CD198 /* MotivationView.swift in Sources */ = {isa = PBXBuildFile; fileRef = 9BF7830E2BB4B5B3008CD198 /* MotivationView.swift */; };
		9BF783112BB4BBE9008CD198 /* DropDownComponentView.swift in Sources */ = {isa = PBXBuildFile; fileRef = 9BF783102BB4BBE9008CD198 /* DropDownComponentView.swift */; };
		9BF783132BB50541008CD198 /* ModalTitles.swift in Sources */ = {isa = PBXBuildFile; fileRef = 9BF783122BB50540008CD198 /* ModalTitles.swift */; };
		9BF783152BB5116B008CD198 /* StreakComponentView.swift in Sources */ = {isa = PBXBuildFile; fileRef = 9BF783142BB5116B008CD198 /* StreakComponentView.swift */; };
		9BFA12512BAB63B1000C0CB5 /* TesteLeituraJSON.swift in Sources */ = {isa = PBXBuildFile; fileRef = 9BFA12502BAB63B1000C0CB5 /* TesteLeituraJSON.swift */; };
		9BFA12562BAB7950000C0CB5 /* Model.swift in Sources */ = {isa = PBXBuildFile; fileRef = 9BFA12552BAB7950000C0CB5 /* Model.swift */; };
		9BFA12592BAB79A8000C0CB5 /* JsonDecoder.swift in Sources */ = {isa = PBXBuildFile; fileRef = 9BFA12582BAB79A8000C0CB5 /* JsonDecoder.swift */; };
		9BFA125C2BAB7B5C000C0CB5 /* Errors.swift in Sources */ = {isa = PBXBuildFile; fileRef = 9BFA125B2BAB7B5C000C0CB5 /* Errors.swift */; };
		9BFA12692BAB8395000C0CB5 /* ColorExtension.swift in Sources */ = {isa = PBXBuildFile; fileRef = 9BFA12682BAB8395000C0CB5 /* ColorExtension.swift */; };
		9BFB9ECC2B8AA84F00BF3028 /* MLModel.swift in Sources */ = {isa = PBXBuildFile; fileRef = 9BFB9ECB2B8AA84F00BF3028 /* MLModel.swift */; };
		9BFB9ECE2B8AC9DB00BF3028 /* CameraView.swift in Sources */ = {isa = PBXBuildFile; fileRef = 9BFB9ECD2B8AC9DB00BF3028 /* CameraView.swift */; };
/* End PBXBuildFile section */

/* Begin PBXCopyFilesBuildPhase section */
		0B6339342BC039AD002D56E7 /* Embed Frameworks */ = {
			isa = PBXCopyFilesBuildPhase;
			buildActionMask = 2147483647;
			dstPath = "";
			dstSubfolderSpec = 10;
			files = (
			);
			name = "Embed Frameworks";
			runOnlyForDeploymentPostprocessing = 0;
		};
/* End PBXCopyFilesBuildPhase section */

/* Begin PBXFileReference section */
		0B1C22632BB20031003C5C0E /* FoodsClassificatorApp.swift */ = {isa = PBXFileReference; fileEncoding = 4; lastKnownFileType = sourcecode.swift; name = FoodsClassificatorApp.swift; path = App/FoodsClassificatorApp.swift; sourceTree = "<group>"; };
		0B1C22732BB20551003C5C0E /* HomeTexts.swift */ = {isa = PBXFileReference; fileEncoding = 4; lastKnownFileType = sourcecode.swift; path = HomeTexts.swift; sourceTree = "<group>"; };
		0B1C227A2BB20C4A003C5C0E /* MacrosComponentHomeView.swift */ = {isa = PBXFileReference; fileEncoding = 4; lastKnownFileType = sourcecode.swift; path = MacrosComponentHomeView.swift; sourceTree = "<group>"; };
		0B1C227B2BB20C4A003C5C0E /* HeaderView.swift */ = {isa = PBXFileReference; fileEncoding = 4; lastKnownFileType = sourcecode.swift; path = HeaderView.swift; sourceTree = "<group>"; };
		0B1C227C2BB20C4A003C5C0E /* UserNameComponentHomeView.swift */ = {isa = PBXFileReference; fileEncoding = 4; lastKnownFileType = sourcecode.swift; path = UserNameComponentHomeView.swift; sourceTree = "<group>"; };
		0B1C227D2BB20C4A003C5C0E /* ProgressBarComponentViewHome.swift */ = {isa = PBXFileReference; fileEncoding = 4; lastKnownFileType = sourcecode.swift; path = ProgressBarComponentViewHome.swift; sourceTree = "<group>"; };
		0B1C227E2BB20C4A003C5C0E /* UserPhotoAndStreakComponentHomeView.swift */ = {isa = PBXFileReference; fileEncoding = 4; lastKnownFileType = sourcecode.swift; path = UserPhotoAndStreakComponentHomeView.swift; sourceTree = "<group>"; };
		0B1C22842BB20C61003C5C0E /* MealCircleComponentHomeView.swift */ = {isa = PBXFileReference; fileEncoding = 4; lastKnownFileType = sourcecode.swift; path = MealCircleComponentHomeView.swift; sourceTree = "<group>"; };
		0B1C22852BB20C61003C5C0E /* WaterRectangleComponentHomeView.swift */ = {isa = PBXFileReference; fileEncoding = 4; lastKnownFileType = sourcecode.swift; path = WaterRectangleComponentHomeView.swift; sourceTree = "<group>"; };
		0B1C22862BB20C61003C5C0E /* MealsCarrouselHomeView.swift */ = {isa = PBXFileReference; fileEncoding = 4; lastKnownFileType = sourcecode.swift; path = MealsCarrouselHomeView.swift; sourceTree = "<group>"; };
		0B1C22872BB20C61003C5C0E /* DatePickerComponentHomeView.swift */ = {isa = PBXFileReference; fileEncoding = 4; lastKnownFileType = sourcecode.swift; path = DatePickerComponentHomeView.swift; sourceTree = "<group>"; };
		0B1C228C2BB20C74003C5C0E /* HomeView.swift */ = {isa = PBXFileReference; fileEncoding = 4; lastKnownFileType = sourcecode.swift; path = HomeView.swift; sourceTree = "<group>"; };
		0B1C228E2BB20C82003C5C0E /* HomeViewModel.swift */ = {isa = PBXFileReference; fileEncoding = 4; lastKnownFileType = sourcecode.swift; path = HomeViewModel.swift; sourceTree = "<group>"; };
		0B377F682BBC4584002107B3 /* CircularProgressBar.swift */ = {isa = PBXFileReference; lastKnownFileType = sourcecode.swift; path = CircularProgressBar.swift; sourceTree = "<group>"; };
		0B63392C2BC0378B002D56E7 /* AddMealView.swift */ = {isa = PBXFileReference; lastKnownFileType = sourcecode.swift; path = AddMealView.swift; sourceTree = "<group>"; };
		0B6339352BC03CE9002D56E7 /* AddMealViewModel.swift */ = {isa = PBXFileReference; lastKnownFileType = sourcecode.swift; path = AddMealViewModel.swift; sourceTree = "<group>"; };
		0B63393B2BC071B3002D56E7 /* UseCameraView.swift */ = {isa = PBXFileReference; lastKnownFileType = sourcecode.swift; path = UseCameraView.swift; sourceTree = "<group>"; };
		0B63393D2BC0728F002D56E7 /* SearchFoodView.swift */ = {isa = PBXFileReference; lastKnownFileType = sourcecode.swift; path = SearchFoodView.swift; sourceTree = "<group>"; };
		0B63393F2BC09A12002D56E7 /* FoodItemCell.swift */ = {isa = PBXFileReference; lastKnownFileType = sourcecode.swift; path = FoodItemCell.swift; sourceTree = "<group>"; };
		0B6339412BC34B68002D56E7 /* SpeechRecognizerManager.swift */ = {isa = PBXFileReference; lastKnownFileType = sourcecode.swift; path = SpeechRecognizerManager.swift; sourceTree = "<group>"; };
		0B6339452BC43030002D56E7 /* ExpandedFoodDetailView.swift */ = {isa = PBXFileReference; lastKnownFileType = sourcecode.swift; path = ExpandedFoodDetailView.swift; sourceTree = "<group>"; };
		0B6339472BC44150002D56E7 /* CustomPickerView.swift */ = {isa = PBXFileReference; lastKnownFileType = sourcecode.swift; path = CustomPickerView.swift; sourceTree = "<group>"; };
		0B73E8522BACB65A00C6F91D /* BarcodeSeachResponse.swift */ = {isa = PBXFileReference; lastKnownFileType = sourcecode.swift; path = BarcodeSeachResponse.swift; sourceTree = "<group>"; };
		0B73E8542BACB6F300C6F91D /* BarcodeAPIManager.swift */ = {isa = PBXFileReference; lastKnownFileType = sourcecode.swift; path = BarcodeAPIManager.swift; sourceTree = "<group>"; };
		0B73E8562BAF55DD00C6F91D /* RecentMealsView.swift */ = {isa = PBXFileReference; lastKnownFileType = sourcecode.swift; path = RecentMealsView.swift; sourceTree = "<group>"; };
		0B73E85E2BAF5FEB00C6F91D /* RecentMealsViewModel.swift */ = {isa = PBXFileReference; lastKnownFileType = sourcecode.swift; path = RecentMealsViewModel.swift; sourceTree = "<group>"; };
		0B73E8602BAF601300C6F91D /* HeaderMealView.swift */ = {isa = PBXFileReference; lastKnownFileType = sourcecode.swift; path = HeaderMealView.swift; sourceTree = "<group>"; };
		0B73E8622BAF605B00C6F91D /* ProgressBar.swift */ = {isa = PBXFileReference; lastKnownFileType = sourcecode.swift; path = ProgressBar.swift; sourceTree = "<group>"; };
		0B73E8642BAF609000C6F91D /* MacroCircle.swift */ = {isa = PBXFileReference; lastKnownFileType = sourcecode.swift; path = MacroCircle.swift; sourceTree = "<group>"; };
		0B73E8662BAF60F500C6F91D /* MacroNutrientsView.swift */ = {isa = PBXFileReference; lastKnownFileType = sourcecode.swift; path = MacroNutrientsView.swift; sourceTree = "<group>"; };
		0B73E8682BAF627000C6F91D /* RecentMealCard.swift */ = {isa = PBXFileReference; lastKnownFileType = sourcecode.swift; path = RecentMealCard.swift; sourceTree = "<group>"; };
		0B73E86A2BAF62B800C6F91D /* Meal.swift */ = {isa = PBXFileReference; lastKnownFileType = sourcecode.swift; path = Meal.swift; sourceTree = "<group>"; };
		0B7F9CF82B9104ED0037B09B /* FoodAPIManager.swift */ = {isa = PBXFileReference; lastKnownFileType = sourcecode.swift; path = FoodAPIManager.swift; sourceTree = "<group>"; };
		0B7F9CFE2B91745E0037B09B /* IngredientSearchResponse.swift */ = {isa = PBXFileReference; lastKnownFileType = sourcecode.swift; path = IngredientSearchResponse.swift; sourceTree = "<group>"; };
		0B7F9D002B9179640037B09B /* NutritionModalView.swift */ = {isa = PBXFileReference; lastKnownFileType = sourcecode.swift; path = NutritionModalView.swift; sourceTree = "<group>"; };
		0B7F9D022B91A63C0037B09B /* ContentViewModel.swift */ = {isa = PBXFileReference; lastKnownFileType = sourcecode.swift; name = ContentViewModel.swift; path = FoodsClassificator/Views/ContentView/ViewModel/ContentViewModel.swift; sourceTree = SOURCE_ROOT; };
		4A0404602BB20F1400BEDADD /* WaterModalComponentHomeView.swift */ = {isa = PBXFileReference; lastKnownFileType = sourcecode.swift; path = WaterModalComponentHomeView.swift; sourceTree = "<group>"; };
		4A1CCCBB2BBB4A6400ED750F /* OnboardingPage1.swift */ = {isa = PBXFileReference; lastKnownFileType = sourcecode.swift; path = OnboardingPage1.swift; sourceTree = "<group>"; };
		4A1CCCBD2BBB4A6F00ED750F /* OnboardingPage2.swift */ = {isa = PBXFileReference; lastKnownFileType = sourcecode.swift; path = OnboardingPage2.swift; sourceTree = "<group>"; };
		4A1CCCBF2BBB4A7A00ED750F /* OnboardingPage3.swift */ = {isa = PBXFileReference; lastKnownFileType = sourcecode.swift; path = OnboardingPage3.swift; sourceTree = "<group>"; };
		4A1CCCC12BBB51FE00ED750F /* OnBoardingPageControl.swift */ = {isa = PBXFileReference; lastKnownFileType = sourcecode.swift; path = OnBoardingPageControl.swift; sourceTree = "<group>"; };
		4A3F74882BC37B350080C021 /* FormsPage1.swift */ = {isa = PBXFileReference; lastKnownFileType = sourcecode.swift; path = FormsPage1.swift; sourceTree = "<group>"; };
		4A3F748A2BC37CC60080C021 /* NextButtonLabel.swift */ = {isa = PBXFileReference; lastKnownFileType = sourcecode.swift; path = NextButtonLabel.swift; sourceTree = "<group>"; };
		4A3F748C2BC3939B0080C021 /* FormsPage2.swift */ = {isa = PBXFileReference; lastKnownFileType = sourcecode.swift; path = FormsPage2.swift; sourceTree = "<group>"; };
		4A3F74912BC39C950080C021 /* TextFieldRectangleComponent.swift */ = {isa = PBXFileReference; fileEncoding = 4; lastKnownFileType = sourcecode.swift; path = TextFieldRectangleComponent.swift; sourceTree = "<group>"; };
		4A3F74932BC39CDD0080C021 /* QuestionTextComponent.swift */ = {isa = PBXFileReference; lastKnownFileType = sourcecode.swift; path = QuestionTextComponent.swift; sourceTree = "<group>"; };
		4A3F74952BC39FD20080C021 /* FormModel.swift */ = {isa = PBXFileReference; lastKnownFileType = sourcecode.swift; path = FormModel.swift; sourceTree = "<group>"; };
		4A3F74972BC3A02F0080C021 /* FormViewModel.swift */ = {isa = PBXFileReference; lastKnownFileType = sourcecode.swift; path = FormViewModel.swift; sourceTree = "<group>"; };
		4A3F74992BC3A37F0080C021 /* FormProgressBar.swift */ = {isa = PBXFileReference; lastKnownFileType = sourcecode.swift; path = FormProgressBar.swift; sourceTree = "<group>"; };
		4A3F749E2BC43D8B0080C021 /* FormsPage3.swift */ = {isa = PBXFileReference; lastKnownFileType = sourcecode.swift; path = FormsPage3.swift; sourceTree = "<group>"; };
		4A3F74A02BC4471F0080C021 /* FormsPage4.swift */ = {isa = PBXFileReference; lastKnownFileType = sourcecode.swift; path = FormsPage4.swift; sourceTree = "<group>"; };
		4A3F74A22BC44FD40080C021 /* FormsPage5.swift */ = {isa = PBXFileReference; lastKnownFileType = sourcecode.swift; path = FormsPage5.swift; sourceTree = "<group>"; };
		4A3F74A42BC44FF80080C021 /* FormsPage6.swift */ = {isa = PBXFileReference; lastKnownFileType = sourcecode.swift; path = FormsPage6.swift; sourceTree = "<group>"; };
		4A60303C2BBF2EEC00082ECA /* Highlight.swift */ = {isa = PBXFileReference; lastKnownFileType = sourcecode.swift; path = Highlight.swift; sourceTree = "<group>"; };
		4A60303E2BBF422900082ECA /* TutorialHomeView.swift */ = {isa = PBXFileReference; lastKnownFileType = sourcecode.swift; path = TutorialHomeView.swift; sourceTree = "<group>"; };
		4AB7665A2BB312860091042D /* CalculoCaloriasOnBoarding.swift */ = {isa = PBXFileReference; lastKnownFileType = sourcecode.swift; path = CalculoCaloriasOnBoarding.swift; sourceTree = "<group>"; };
		4AB85A332BBEFFF40075ADD9 /* ShowCaseHelper.swift */ = {isa = PBXFileReference; lastKnownFileType = sourcecode.swift; path = ShowCaseHelper.swift; sourceTree = "<group>"; };
		3BE31CD62BBB373900E66F3E /* CameraPreview.swift */ = {isa = PBXFileReference; lastKnownFileType = sourcecode.swift; path = CameraPreview.swift; sourceTree = "<group>"; };
		3BE31CD82BBB374D00E66F3E /* CameraController.swift */ = {isa = PBXFileReference; lastKnownFileType = sourcecode.swift; path = CameraController.swift; sourceTree = "<group>"; };
		4AD53C052B97B4FD00F2A8F8 /* NewImagePicker.swift */ = {isa = PBXFileReference; lastKnownFileType = sourcecode.swift; path = NewImagePicker.swift; sourceTree = "<group>"; };
		4AD53C072B97B55600F2A8F8 /* NewBoundingBoxesView.swift */ = {isa = PBXFileReference; lastKnownFileType = sourcecode.swift; path = NewBoundingBoxesView.swift; sourceTree = "<group>"; };
		4AD53C0B2B97B6A000F2A8F8 /* FoodDetection.mlmodel */ = {isa = PBXFileReference; lastKnownFileType = file.mlmodel; path = FoodDetection.mlmodel; sourceTree = "<group>"; };
		4AF7A7532BBD9FCF0057DF79 /* FooterView.swift */ = {isa = PBXFileReference; lastKnownFileType = sourcecode.swift; path = FooterView.swift; sourceTree = "<group>"; };
		4AF7A7582BBDAA5A0057DF79 /* FooterHomeViewModel.swift */ = {isa = PBXFileReference; lastKnownFileType = sourcecode.swift; path = FooterHomeViewModel.swift; sourceTree = "<group>"; };
		9B0D2C0A2BC068E70046EFF5 /* BackgroundShapeHeaderHomeView.swift */ = {isa = PBXFileReference; lastKnownFileType = sourcecode.swift; path = BackgroundShapeHeaderHomeView.swift; sourceTree = "<group>"; };
		9B5E50D42BAE058000D734C8 /* DateFormatterExtension.swift */ = {isa = PBXFileReference; lastKnownFileType = sourcecode.swift; path = DateFormatterExtension.swift; sourceTree = "<group>"; };
		9B7735EB2BA8AEA100782303 /* dados_alimentos_completo.json */ = {isa = PBXFileReference; fileEncoding = 4; lastKnownFileType = text.json; path = dados_alimentos_completo.json; sourceTree = "<group>"; };
		9B8904922BB49A030058DFDD /* PerfilViewModel.swift */ = {isa = PBXFileReference; lastKnownFileType = sourcecode.swift; path = PerfilViewModel.swift; sourceTree = "<group>"; };
		9B8904942BB49B4F0058DFDD /* UserNameComponentPerfilView.swift */ = {isa = PBXFileReference; lastKnownFileType = sourcecode.swift; path = UserNameComponentPerfilView.swift; sourceTree = "<group>"; };
		9B8904982BB4A1BC0058DFDD /* PerfilTexts.swift */ = {isa = PBXFileReference; lastKnownFileType = sourcecode.swift; path = PerfilTexts.swift; sourceTree = "<group>"; };
		9BAFA53C2BC46C070089454A /* PerfilModel.swift */ = {isa = PBXFileReference; fileEncoding = 4; lastKnownFileType = sourcecode.swift; path = PerfilModel.swift; sourceTree = "<group>"; };
		9BDAA2892BB496CE000627F9 /* PerfilView.swift */ = {isa = PBXFileReference; lastKnownFileType = sourcecode.swift; path = PerfilView.swift; sourceTree = "<group>"; };
		9BDAA28B2BB496F3000627F9 /* PerfilImagePickerViewComponent.swift */ = {isa = PBXFileReference; lastKnownFileType = sourcecode.swift; path = PerfilImagePickerViewComponent.swift; sourceTree = "<group>"; };
		9BE1799C2B8A567C0086877C /* FoodsClassificator.app */ = {isa = PBXFileReference; explicitFileType = wrapper.application; includeInIndex = 0; path = FoodsClassificator.app; sourceTree = BUILT_PRODUCTS_DIR; };
		9BE179A12B8A567C0086877C /* ContentView.swift */ = {isa = PBXFileReference; lastKnownFileType = sourcecode.swift; path = ContentView.swift; sourceTree = "<group>"; };
		9BE179A32B8A567D0086877C /* Assets.xcassets */ = {isa = PBXFileReference; lastKnownFileType = folder.assetcatalog; path = Assets.xcassets; sourceTree = "<group>"; };
		9BE179A62B8A567D0086877C /* Preview Assets.xcassets */ = {isa = PBXFileReference; lastKnownFileType = folder.assetcatalog; path = "Preview Assets.xcassets"; sourceTree = "<group>"; };
		9BE934182BC20FF100E52625 /* PerfilImageViewComponent.swift */ = {isa = PBXFileReference; lastKnownFileType = sourcecode.swift; path = PerfilImageViewComponent.swift; sourceTree = "<group>"; };
		9BEBDF872BA760EA0077632C /* ExampleView.swift */ = {isa = PBXFileReference; lastKnownFileType = sourcecode.swift; path = ExampleView.swift; sourceTree = "<group>"; };
		9BEBDF8A2BA7611E0077632C /* ExampleViewModel.swift */ = {isa = PBXFileReference; lastKnownFileType = sourcecode.swift; path = ExampleViewModel.swift; sourceTree = "<group>"; };
		9BF7830E2BB4B5B3008CD198 /* MotivationView.swift */ = {isa = PBXFileReference; lastKnownFileType = sourcecode.swift; path = MotivationView.swift; sourceTree = "<group>"; };
		9BF783102BB4BBE9008CD198 /* DropDownComponentView.swift */ = {isa = PBXFileReference; lastKnownFileType = sourcecode.swift; path = DropDownComponentView.swift; sourceTree = "<group>"; };
		9BF783122BB50540008CD198 /* ModalTitles.swift */ = {isa = PBXFileReference; lastKnownFileType = sourcecode.swift; path = ModalTitles.swift; sourceTree = "<group>"; };
		9BF783142BB5116B008CD198 /* StreakComponentView.swift */ = {isa = PBXFileReference; lastKnownFileType = sourcecode.swift; path = StreakComponentView.swift; sourceTree = "<group>"; };
		9BFA12502BAB63B1000C0CB5 /* TesteLeituraJSON.swift */ = {isa = PBXFileReference; lastKnownFileType = sourcecode.swift; path = TesteLeituraJSON.swift; sourceTree = "<group>"; };
		9BFA12552BAB7950000C0CB5 /* Model.swift */ = {isa = PBXFileReference; lastKnownFileType = sourcecode.swift; path = Model.swift; sourceTree = "<group>"; };
		9BFA12582BAB79A8000C0CB5 /* JsonDecoder.swift */ = {isa = PBXFileReference; lastKnownFileType = sourcecode.swift; path = JsonDecoder.swift; sourceTree = "<group>"; };
		9BFA125B2BAB7B5C000C0CB5 /* Errors.swift */ = {isa = PBXFileReference; lastKnownFileType = sourcecode.swift; path = Errors.swift; sourceTree = "<group>"; };
		9BFA12682BAB8395000C0CB5 /* ColorExtension.swift */ = {isa = PBXFileReference; lastKnownFileType = sourcecode.swift; path = ColorExtension.swift; sourceTree = "<group>"; };
		9BFB9ECB2B8AA84F00BF3028 /* MLModel.swift */ = {isa = PBXFileReference; lastKnownFileType = sourcecode.swift; path = MLModel.swift; sourceTree = "<group>"; };
		9BFB9ECD2B8AC9DB00BF3028 /* CameraView.swift */ = {isa = PBXFileReference; lastKnownFileType = sourcecode.swift; path = CameraView.swift; sourceTree = "<group>"; };
/* End PBXFileReference section */

/* Begin PBXFrameworksBuildPhase section */
		9BE179992B8A567C0086877C /* Frameworks */ = {
			isa = PBXFrameworksBuildPhase;
			buildActionMask = 2147483647;
			files = (
				0B1C22922BB35754003C5C0E /* (null) in Frameworks */,
				0B63394A2BC4D20F002D56E7 /* Alamofire in Frameworks */,
			);
			runOnlyForDeploymentPostprocessing = 0;
		};
/* End PBXFrameworksBuildPhase section */

/* Begin PBXGroup section */
		0B1C22722BB2050B003C5C0E /* Texts */ = {
			isa = PBXGroup;
			children = (
				0B1C22732BB20551003C5C0E /* HomeTexts.swift */,
				9B8904982BB4A1BC0058DFDD /* PerfilTexts.swift */,
			);
			path = Texts;
			sourceTree = "<group>";
		};
		0B1C22752BB2057B003C5C0E /* Home */ = {
			isa = PBXGroup;
			children = (
				0B1C22792BB20599003C5C0E /* ViewModel */,
				0B1C22782BB20591003C5C0E /* View */,
				0B1C22762BB20581003C5C0E /* Components */,
			);
			path = Home;
			sourceTree = "<group>";
		};
		0B1C22762BB20581003C5C0E /* Components */ = {
			isa = PBXGroup;
			children = (
				4AF7A7502BBC9A190057DF79 /* Footer */,
				0B1C22772BB20588003C5C0E /* Header */,
			);
			path = Components;
			sourceTree = "<group>";
		};
		0B1C22772BB20588003C5C0E /* Header */ = {
			isa = PBXGroup;
			children = (
				0B1C227B2BB20C4A003C5C0E /* HeaderView.swift */,
				0B1C227A2BB20C4A003C5C0E /* MacrosComponentHomeView.swift */,
				0B1C227D2BB20C4A003C5C0E /* ProgressBarComponentViewHome.swift */,
				0B1C227C2BB20C4A003C5C0E /* UserNameComponentHomeView.swift */,
				0B1C227E2BB20C4A003C5C0E /* UserPhotoAndStreakComponentHomeView.swift */,
				9B0D2C0A2BC068E70046EFF5 /* BackgroundShapeHeaderHomeView.swift */,
			);
			path = Header;
			sourceTree = "<group>";
		};
		0B1C22782BB20591003C5C0E /* View */ = {
			isa = PBXGroup;
			children = (
				0B1C228C2BB20C74003C5C0E /* HomeView.swift */,
			);
			path = View;
			sourceTree = "<group>";
		};
		0B1C22792BB20599003C5C0E /* ViewModel */ = {
			isa = PBXGroup;
			children = (
				0B1C228E2BB20C82003C5C0E /* HomeViewModel.swift */,
				4AF7A7582BBDAA5A0057DF79 /* FooterHomeViewModel.swift */,
			);
			path = ViewModel;
			sourceTree = "<group>";
		};
		0B6339282BC0370F002D56E7 /* AddMeal */ = {
			isa = PBXGroup;
			children = (
				0B6339292BC0372D002D56E7 /* Components */,
				0B63392A2BC03735002D56E7 /* ViewModel */,
				0B63392B2BC0373E002D56E7 /* View */,
			);
			path = AddMeal;
			sourceTree = "<group>";
		};
		0B6339292BC0372D002D56E7 /* Components */ = {
			isa = PBXGroup;
			children = (
				0B63393B2BC071B3002D56E7 /* UseCameraView.swift */,
				0B63393D2BC0728F002D56E7 /* SearchFoodView.swift */,
				0B63393F2BC09A12002D56E7 /* FoodItemCell.swift */,
				0B6339452BC43030002D56E7 /* ExpandedFoodDetailView.swift */,
				0B6339472BC44150002D56E7 /* CustomPickerView.swift */,
			);
			path = Components;
			sourceTree = "<group>";
		};
		0B63392A2BC03735002D56E7 /* ViewModel */ = {
			isa = PBXGroup;
			children = (
				0B6339352BC03CE9002D56E7 /* AddMealViewModel.swift */,
			);
			path = ViewModel;
			sourceTree = "<group>";
		};
		0B63392B2BC0373E002D56E7 /* View */ = {
			isa = PBXGroup;
			children = (
				0B63392C2BC0378B002D56E7 /* AddMealView.swift */,
			);
			path = View;
			sourceTree = "<group>";
		};
		0B73E8582BAF55EC00C6F91D /* RecentMeals */ = {
			isa = PBXGroup;
			children = (
				0B73E8592BAF55FF00C6F91D /* Components */,
				0B73E85B2BAF561300C6F91D /* ViewModel */,
				0B73E85A2BAF560600C6F91D /* View */,
			);
			path = RecentMeals;
			sourceTree = "<group>";
		};
		0B73E8592BAF55FF00C6F91D /* Components */ = {
			isa = PBXGroup;
			children = (
				0B73E8602BAF601300C6F91D /* HeaderMealView.swift */,
				0B73E8622BAF605B00C6F91D /* ProgressBar.swift */,
				0B73E8642BAF609000C6F91D /* MacroCircle.swift */,
				0B73E8662BAF60F500C6F91D /* MacroNutrientsView.swift */,
				0B73E8682BAF627000C6F91D /* RecentMealCard.swift */,
				0B377F682BBC4584002107B3 /* CircularProgressBar.swift */,
			);
			path = Components;
			sourceTree = "<group>";
		};
		0B73E85A2BAF560600C6F91D /* View */ = {
			isa = PBXGroup;
			children = (
				0B73E8562BAF55DD00C6F91D /* RecentMealsView.swift */,
			);
			path = View;
			sourceTree = "<group>";
		};
		0B73E85B2BAF561300C6F91D /* ViewModel */ = {
			isa = PBXGroup;
			children = (
				0B73E85E2BAF5FEB00C6F91D /* RecentMealsViewModel.swift */,
			);
			path = ViewModel;
			sourceTree = "<group>";
		};
		0B73E86C2BAF701A00C6F91D /* Frameworks */ = {
			isa = PBXGroup;
			children = (
			);
			name = Frameworks;
			sourceTree = "<group>";
		};
		0B7F9CFD2B9173FF0037B09B /* Models */ = {
			isa = PBXGroup;
			children = (
				0B7F9CFE2B91745E0037B09B /* IngredientSearchResponse.swift */,
				0B73E8522BACB65A00C6F91D /* BarcodeSeachResponse.swift */,
				0B73E86A2BAF62B800C6F91D /* Meal.swift */,
			);
			path = Models;
			sourceTree = "<group>";
		};
		4A3F74872BC36C6C0080C021 /* UserForm */ = {
			isa = PBXGroup;
			children = (
				4A3F74952BC39FD20080C021 /* FormModel.swift */,
				4A3F74972BC3A02F0080C021 /* FormViewModel.swift */,
				4A3F748E2BC39A790080C021 /* Components */,
				4A3F74882BC37B350080C021 /* FormsPage1.swift */,
				4A3F748C2BC3939B0080C021 /* FormsPage2.swift */,
				4A3F749E2BC43D8B0080C021 /* FormsPage3.swift */,
				4A3F74A02BC4471F0080C021 /* FormsPage4.swift */,
				4A3F74A22BC44FD40080C021 /* FormsPage5.swift */,
				4A3F74A42BC44FF80080C021 /* FormsPage6.swift */,
			);
			path = UserForm;
			sourceTree = "<group>";
		};
		4A3F748E2BC39A790080C021 /* Components */ = {
			isa = PBXGroup;
			children = (
				4A3F74912BC39C950080C021 /* TextFieldRectangleComponent.swift */,
				4A3F748A2BC37CC60080C021 /* NextButtonLabel.swift */,
				4A3F74932BC39CDD0080C021 /* QuestionTextComponent.swift */,
				4A3F74992BC3A37F0080C021 /* FormProgressBar.swift */,
			);
			path = Components;
			sourceTree = "<group>";
		};
		4A3F749B2BC437990080C021 /* Model */ = {
			isa = PBXGroup;
			children = (
				9BAFA53C2BC46C070089454A /* PerfilModel.swift */,
			);
			path = Model;
			sourceTree = "<group>";
		};
		4A60303B2BBF2ED800082ECA /* Model */ = {
			isa = PBXGroup;
			children = (
				4AB85A332BBEFFF40075ADD9 /* ShowCaseHelper.swift */,
				4A60303C2BBF2EEC00082ECA /* Highlight.swift */,
			);
			path = Model;
			sourceTree = "<group>";
		};
		4AB766592BB312440091042D /* OnBoarding */ = {
			isa = PBXGroup;
			children = (
				4AB7665A2BB312860091042D /* CalculoCaloriasOnBoarding.swift */,
				4A1CCCBB2BBB4A6400ED750F /* OnboardingPage1.swift */,
				4A1CCCBD2BBB4A6F00ED750F /* OnboardingPage2.swift */,
				4A1CCCBF2BBB4A7A00ED750F /* OnboardingPage3.swift */,
				4A1CCCC12BBB51FE00ED750F /* OnBoardingPageControl.swift */,
			);
			path = OnBoarding;
			sourceTree = "<group>";
		};
		4AF7A7502BBC9A190057DF79 /* Footer */ = {
			isa = PBXGroup;
			children = (
				0B1C22872BB20C61003C5C0E /* DatePickerComponentHomeView.swift */,
				0B1C22842BB20C61003C5C0E /* MealCircleComponentHomeView.swift */,
				0B1C22862BB20C61003C5C0E /* MealsCarrouselHomeView.swift */,
				0B1C22852BB20C61003C5C0E /* WaterRectangleComponentHomeView.swift */,
				4A0404602BB20F1400BEDADD /* WaterModalComponentHomeView.swift */,
				4AF7A7532BBD9FCF0057DF79 /* FooterView.swift */,
			);
			path = Footer;
			sourceTree = "<group>";
		};
		4AF7A7552BBDA11E0057DF79 /* Tutorial */ = {
			isa = PBXGroup;
			children = (
				4A60303B2BBF2ED800082ECA /* Model */,
				4A60303E2BBF422900082ECA /* TutorialHomeView.swift */,
			);
			path = Tutorial;
			sourceTree = "<group>";
		};
		9B452DE42BA4B5C500C75803 /* ContentView */ = {
			isa = PBXGroup;
			children = (
				9B452DE62BA4B74800C75803 /* ViewModel */,
				9B452DE52BA4B73D00C75803 /* View */,
			);
			path = ContentView;
			sourceTree = "<group>";
		};
		9B452DE52BA4B73D00C75803 /* View */ = {
			isa = PBXGroup;
			children = (
				9BE179A12B8A567C0086877C /* ContentView.swift */,
			);
			path = View;
			sourceTree = "<group>";
		};
		9B452DE62BA4B74800C75803 /* ViewModel */ = {
			isa = PBXGroup;
			children = (
				0B7F9D022B91A63C0037B09B /* ContentViewModel.swift */,
			);
			path = ViewModel;
			sourceTree = "<group>";
		};
		9B5E50D32BAE056500D734C8 /* Extensions */ = {
			isa = PBXGroup;
			children = (
				9B5E50D42BAE058000D734C8 /* DateFormatterExtension.swift */,
			);
			path = Extensions;
			sourceTree = "<group>";
		};
		9BDAA2852BB49649000627F9 /* Perfil */ = {
			isa = PBXGroup;
			children = (
				4A3F749B2BC437990080C021 /* Model */,
				9BDAA2882BB4965D000627F9 /* ViewModel */,
				9BDAA2872BB49657000627F9 /* Components */,
				9BDAA2862BB49652000627F9 /* View */,
			);
			path = Perfil;
			sourceTree = "<group>";
		};
		9BDAA2862BB49652000627F9 /* View */ = {
			isa = PBXGroup;
			children = (
				9BDAA2892BB496CE000627F9 /* PerfilView.swift */,
				9BF7830E2BB4B5B3008CD198 /* MotivationView.swift */,
			);
			path = View;
			sourceTree = "<group>";
		};
		9BDAA2872BB49657000627F9 /* Components */ = {
			isa = PBXGroup;
			children = (
				9BDAA28B2BB496F3000627F9 /* PerfilImagePickerViewComponent.swift */,
				9B8904942BB49B4F0058DFDD /* UserNameComponentPerfilView.swift */,
				9BF783102BB4BBE9008CD198 /* DropDownComponentView.swift */,
				9BF783122BB50540008CD198 /* ModalTitles.swift */,
				9BF783142BB5116B008CD198 /* StreakComponentView.swift */,
				9BE934182BC20FF100E52625 /* PerfilImageViewComponent.swift */,
			);
			path = Components;
			sourceTree = "<group>";
		};
		9BDAA2882BB4965D000627F9 /* ViewModel */ = {
			isa = PBXGroup;
			children = (
				9B8904922BB49A030058DFDD /* PerfilViewModel.swift */,
			);
			path = ViewModel;
			sourceTree = "<group>";
		};
		9BE179932B8A567C0086877C = {
			isa = PBXGroup;
			children = (
				9BE1799E2B8A567C0086877C /* FoodsClassificator */,
				9BE1799D2B8A567C0086877C /* Products */,
				0B73E86C2BAF701A00C6F91D /* Frameworks */,
			);
			sourceTree = "<group>";
		};
		9BE1799D2B8A567C0086877C /* Products */ = {
			isa = PBXGroup;
			children = (
				9BE1799C2B8A567C0086877C /* FoodsClassificator.app */,
			);
			name = Products;
			sourceTree = "<group>";
		};
		9BE1799E2B8A567C0086877C /* FoodsClassificator */ = {
			isa = PBXGroup;
			children = (
				0B1C22632BB20031003C5C0E /* FoodsClassificatorApp.swift */,
				9BE179A32B8A567D0086877C /* Assets.xcassets */,
				9BFA12672BAB8383000C0CB5 /* Extensions */,
				9BEBDF812BA760310077632C /* System */,
				0B7F9CFD2B9173FF0037B09B /* Models */,
				9BEBDF772BA75EAD0077632C /* Camera */,
				9BFB9ED02B8AD9DD00BF3028 /* Views */,
				9BFB9ECF2B8AD94C00BF3028 /* Utilities */,
				9BE179A52B8A567D0086877C /* Preview Content */,
			);
			path = FoodsClassificator;
			sourceTree = "<group>";
		};
		9BE179A52B8A567D0086877C /* Preview Content */ = {
			isa = PBXGroup;
			children = (
				9BE179A62B8A567D0086877C /* Preview Assets.xcassets */,
			);
			path = "Preview Content";
			sourceTree = "<group>";
		};
		9BEBDF772BA75EAD0077632C /* Camera */ = {
			isa = PBXGroup;
			children = (
				9BEBDF7C2BA75F8D0077632C /* CameraView */,
				9BEBDF7B2BA75F7E0077632C /* BoundingBox */,
			);
			path = Camera;
			sourceTree = "<group>";
		};
		9BEBDF782BA75EDD0077632C /* NutritionModalView */ = {
			isa = PBXGroup;
			children = (
				9BEBDF7A2BA75F480077632C /* ViewModel */,
				9BEBDF792BA75EE10077632C /* View */,
			);
			path = NutritionModalView;
			sourceTree = "<group>";
		};
		9BEBDF792BA75EE10077632C /* View */ = {
			isa = PBXGroup;
			children = (
				0B7F9D002B9179640037B09B /* NutritionModalView.swift */,
			);
			path = View;
			sourceTree = "<group>";
		};
		9BEBDF7A2BA75F480077632C /* ViewModel */ = {
			isa = PBXGroup;
			children = (
			);
			path = ViewModel;
			sourceTree = "<group>";
		};
		9BEBDF7B2BA75F7E0077632C /* BoundingBox */ = {
			isa = PBXGroup;
			children = (
				4AD53C072B97B55600F2A8F8 /* NewBoundingBoxesView.swift */,
			);
			path = BoundingBox;
			sourceTree = "<group>";
		};
		9BEBDF7C2BA75F8D0077632C /* CameraView */ = {
			isa = PBXGroup;
			children = (
				9BFB9ECD2B8AC9DB00BF3028 /* CameraView.swift */,
				3BE31CD62BBB373900E66F3E /* CameraPreview.swift */,
				3BE31CD82BBB374D00E66F3E /* CameraController.swift */,
			);
			path = CameraView;
			sourceTree = "<group>";
		};
		9BEBDF7E2BA75FDB0077632C /* MLModels */ = {
			isa = PBXGroup;
			children = (
				9BFB9ECB2B8AA84F00BF3028 /* MLModel.swift */,
			);
			path = MLModels;
			sourceTree = "<group>";
		};
		9BEBDF802BA760050077632C /* CreateMLModel */ = {
			isa = PBXGroup;
			children = (
				4AD53C0B2B97B6A000F2A8F8 /* FoodDetection.mlmodel */,
			);
			path = CreateMLModel;
			sourceTree = "<group>";
		};
		9BEBDF812BA760310077632C /* System */ = {
			isa = PBXGroup;
			children = (
				9BFA125A2BAB7B50000C0CB5 /* Errors */,
				9BFA12522BAB7919000C0CB5 /* JsonNutricionalDecoder */,
				0B7F9CF82B9104ED0037B09B /* FoodAPIManager.swift */,
				0B73E8542BACB6F300C6F91D /* BarcodeAPIManager.swift */,
				0B6339412BC34B68002D56E7 /* SpeechRecognizerManager.swift */,
			);
			path = System;
			sourceTree = "<group>";
		};
		9BEBDF832BA760720077632C /* ImagePicker */ = {
			isa = PBXGroup;
			children = (
				4AD53C052B97B4FD00F2A8F8 /* NewImagePicker.swift */,
			);
			path = ImagePicker;
			sourceTree = "<group>";
		};
		9BEBDF842BA760C10077632C /* ExampleView */ = {
			isa = PBXGroup;
			children = (
				9BEBDF862BA760DB0077632C /* ViewModel */,
				9BEBDF852BA760CC0077632C /* View */,
			);
			path = ExampleView;
			sourceTree = "<group>";
		};
		9BEBDF852BA760CC0077632C /* View */ = {
			isa = PBXGroup;
			children = (
				9BEBDF872BA760EA0077632C /* ExampleView.swift */,
			);
			path = View;
			sourceTree = "<group>";
		};
		9BEBDF862BA760DB0077632C /* ViewModel */ = {
			isa = PBXGroup;
			children = (
				9BEBDF8A2BA7611E0077632C /* ExampleViewModel.swift */,
			);
			path = ViewModel;
			sourceTree = "<group>";
		};
		9BFA124E2BAB6397000C0CB5 /* TesteLeituraJSON */ = {
			isa = PBXGroup;
			children = (
				9BFA12502BAB63B1000C0CB5 /* TesteLeituraJSON.swift */,
			);
			path = TesteLeituraJSON;
			sourceTree = "<group>";
		};
		9BFA12522BAB7919000C0CB5 /* JsonNutricionalDecoder */ = {
			isa = PBXGroup;
			children = (
				9BFA12552BAB7950000C0CB5 /* Model.swift */,
				9BFA12582BAB79A8000C0CB5 /* JsonDecoder.swift */,
			);
			path = JsonNutricionalDecoder;
			sourceTree = "<group>";
		};
		9BFA125A2BAB7B50000C0CB5 /* Errors */ = {
			isa = PBXGroup;
			children = (
				9BFA125B2BAB7B5C000C0CB5 /* Errors.swift */,
			);
			path = Errors;
			sourceTree = "<group>";
		};
		9BFA12672BAB8383000C0CB5 /* Extensions */ = {
			isa = PBXGroup;
			children = (
				9BFA12682BAB8395000C0CB5 /* ColorExtension.swift */,
			);
			path = Extensions;
			sourceTree = "<group>";
		};
		9BFB9ECF2B8AD94C00BF3028 /* Utilities */ = {
			isa = PBXGroup;
			children = (
				0B1C22722BB2050B003C5C0E /* Texts */,
				9B5E50D32BAE056500D734C8 /* Extensions */,
				9B7735EB2BA8AEA100782303 /* dados_alimentos_completo.json */,
				9BEBDF802BA760050077632C /* CreateMLModel */,
				9BEBDF7E2BA75FDB0077632C /* MLModels */,
			);
			path = Utilities;
			sourceTree = "<group>";
		};
		9BFB9ED02B8AD9DD00BF3028 /* Views */ = {
			isa = PBXGroup;
			children = (
				0B6339282BC0370F002D56E7 /* AddMeal */,
				4A3F74872BC36C6C0080C021 /* UserForm */,
				4AF7A7552BBDA11E0057DF79 /* Tutorial */,
				4AB766592BB312440091042D /* OnBoarding */,
				9BDAA2852BB49649000627F9 /* Perfil */,
				0B1C22752BB2057B003C5C0E /* Home */,
				0B73E8582BAF55EC00C6F91D /* RecentMeals */,
				9BFA124E2BAB6397000C0CB5 /* TesteLeituraJSON */,
				9BEBDF842BA760C10077632C /* ExampleView */,
				9BEBDF832BA760720077632C /* ImagePicker */,
				9BEBDF782BA75EDD0077632C /* NutritionModalView */,
				9B452DE42BA4B5C500C75803 /* ContentView */,
			);
			path = Views;
			sourceTree = "<group>";
		};
/* End PBXGroup section */

/* Begin PBXNativeTarget section */
		9BE1799B2B8A567C0086877C /* FoodsClassificator */ = {
			isa = PBXNativeTarget;
			buildConfigurationList = 9BE179AA2B8A567D0086877C /* Build configuration list for PBXNativeTarget "FoodsClassificator" */;
			buildPhases = (
				9BE179982B8A567C0086877C /* Sources */,
				9BE179992B8A567C0086877C /* Frameworks */,
				9BE1799A2B8A567C0086877C /* Resources */,
				0B6339342BC039AD002D56E7 /* Embed Frameworks */,
			);
			buildRules = (
			);
			dependencies = (
			);
			name = FoodsClassificator;
			packageProductDependencies = (
				0B6339492BC4D20F002D56E7 /* Alamofire */,
			);
			productName = FoodsClassificator;
			productReference = 9BE1799C2B8A567C0086877C /* FoodsClassificator.app */;
			productType = "com.apple.product-type.application";
		};
/* End PBXNativeTarget section */

/* Begin PBXProject section */
		9BE179942B8A567C0086877C /* Project object */ = {
			isa = PBXProject;
			attributes = {
				BuildIndependentTargetsInParallel = 1;
				LastSwiftUpdateCheck = 1520;
				LastUpgradeCheck = 1520;
				TargetAttributes = {
					9BE1799B2B8A567C0086877C = {
						CreatedOnToolsVersion = 15.2;
					};
				};
			};
			buildConfigurationList = 9BE179972B8A567C0086877C /* Build configuration list for PBXProject "FoodsClassificator" */;
			compatibilityVersion = "Xcode 14.0";
			developmentRegion = "pt-BR";
			hasScannedForEncodings = 0;
			knownRegions = (
				en,
				Base,
				"pt-BR",
			);
			mainGroup = 9BE179932B8A567C0086877C;
			packageReferences = (
				0B63392E2BC0397E002D56E7 /* XCRemoteSwiftPackageReference "Alamofire" */,
			);
			productRefGroup = 9BE1799D2B8A567C0086877C /* Products */;
			projectDirPath = "";
			projectRoot = "";
			targets = (
				9BE1799B2B8A567C0086877C /* FoodsClassificator */,
			);
		};
/* End PBXProject section */

/* Begin PBXResourcesBuildPhase section */
		9BE1799A2B8A567C0086877C /* Resources */ = {
			isa = PBXResourcesBuildPhase;
			buildActionMask = 2147483647;
			files = (
				9B7735EC2BA8AEA100782303 /* dados_alimentos_completo.json in Resources */,
				9BE179A72B8A567D0086877C /* Preview Assets.xcassets in Resources */,
				9BE179A42B8A567D0086877C /* Assets.xcassets in Resources */,
			);
			runOnlyForDeploymentPostprocessing = 0;
		};
/* End PBXResourcesBuildPhase section */

/* Begin PBXSourcesBuildPhase section */
		9BE179982B8A567C0086877C /* Sources */ = {
			isa = PBXSourcesBuildPhase;
			buildActionMask = 2147483647;
			files = (
				4AB7665B2BB312860091042D /* CalculoCaloriasOnBoarding.swift in Sources */,
				4A60303F2BBF422900082ECA /* TutorialHomeView.swift in Sources */,
				9B5E50D52BAE058000D734C8 /* DateFormatterExtension.swift in Sources */,
				0B6339462BC43030002D56E7 /* ExpandedFoodDetailView.swift in Sources */,
				9BFA12562BAB7950000C0CB5 /* Model.swift in Sources */,
				9B8904992BB4A1BC0058DFDD /* PerfilTexts.swift in Sources */,
				4A3F74A52BC44FF80080C021 /* FormsPage6.swift in Sources */,
				0B1C227F2BB20C4A003C5C0E /* MacrosComponentHomeView.swift in Sources */,
				9B8904952BB49B4F0058DFDD /* UserNameComponentPerfilView.swift in Sources */,
				4AD53C062B97B4FD00F2A8F8 /* NewImagePicker.swift in Sources */,
				4A3F749A2BC3A37F0080C021 /* FormProgressBar.swift in Sources */,
				9BE179A22B8A567C0086877C /* ContentView.swift in Sources */,
				4A0404612BB20F1400BEDADD /* WaterModalComponentHomeView.swift in Sources */,
				0B1C228D2BB20C74003C5C0E /* HomeView.swift in Sources */,
				9BDAA28C2BB496F3000627F9 /* PerfilImagePickerViewComponent.swift in Sources */,
				9BDAA28C2BB496F3000627F9 /* PerfilImagePickerViewComponent.swift in Sources */,
				4A60303D2BBF2EEC00082ECA /* Highlight.swift in Sources */,
				4A1CCCC22BBB51FE00ED750F /* OnBoardingPageControl.swift in Sources */,
				4A3F749F2BC43D8B0080C021 /* FormsPage3.swift in Sources */,
				0B1C22822BB20C4A003C5C0E /* ProgressBarComponentViewHome.swift in Sources */,
				0B73E8632BAF605B00C6F91D /* ProgressBar.swift in Sources */,
				4A3F74982BC3A02F0080C021 /* FormViewModel.swift in Sources */,
				4AF7A7542BBD9FCF0057DF79 /* FooterView.swift in Sources */,
				0B1C22832BB20C4A003C5C0E /* UserPhotoAndStreakComponentHomeView.swift in Sources */,
				0B63392D2BC0378B002D56E7 /* AddMealView.swift in Sources */,
				4AD53C082B97B55600F2A8F8 /* NewBoundingBoxesView.swift in Sources */,
				4A1CCCBE2BBB4A6F00ED750F /* OnboardingPage2.swift in Sources */,
				0B73E8532BACB65A00C6F91D /* BarcodeSeachResponse.swift in Sources */,
				4AD53C0C2B97B6A000F2A8F8 /* FoodDetection.mlmodel in Sources */,
				0B377F692BBC4584002107B3 /* CircularProgressBar.swift in Sources */,
				0B6339422BC34B68002D56E7 /* SpeechRecognizerManager.swift in Sources */,
				4A1CCCC02BBB4A7A00ED750F /* OnboardingPage3.swift in Sources */,
				4A3F74A12BC4471F0080C021 /* FormsPage4.swift in Sources */,
				9B8904932BB49A030058DFDD /* PerfilViewModel.swift in Sources */,
				0B73E86B2BAF62B800C6F91D /* Meal.swift in Sources */,
				0B6339362BC03CE9002D56E7 /* AddMealViewModel.swift in Sources */,
				9BAFA53D2BC46C070089454A /* PerfilModel.swift in Sources */,
				4A3F748B2BC37CC60080C021 /* NextButtonLabel.swift in Sources */,
				0B73E8612BAF601300C6F91D /* HeaderMealView.swift in Sources */,
				4A3F748D2BC3939B0080C021 /* FormsPage2.swift in Sources */,
				0B73E8672BAF60F500C6F91D /* MacroNutrientsView.swift in Sources */,
				0B7F9CFF2B91745E0037B09B /* IngredientSearchResponse.swift in Sources */,
				9BFB9ECE2B8AC9DB00BF3028 /* CameraView.swift in Sources */,
				0B7F9D032B91A63C0037B09B /* ContentViewModel.swift in Sources */,
				3BE31CD72BBB373900E66F3E /* CameraPreview.swift in Sources */,
				0B73E8552BACB6F300C6F91D /* BarcodeAPIManager.swift in Sources */,
				9BE934192BC20FF100E52625 /* PerfilImageViewComponent.swift in Sources */,
				9BFA12692BAB8395000C0CB5 /* ColorExtension.swift in Sources */,
				0B73E8652BAF609000C6F91D /* MacroCircle.swift in Sources */,
				4AB85A342BBEFFF40075ADD9 /* ShowCaseHelper.swift in Sources */,
				4A3F74942BC39CDD0080C021 /* QuestionTextComponent.swift in Sources */,
				3BE31CD92BBB374D00E66F3E /* CameraController.swift in Sources */,
				0B1C22802BB20C4A003C5C0E /* HeaderView.swift in Sources */,
				4A3F74962BC39FD20080C021 /* FormModel.swift in Sources */,
				0B7F9D032B91A63C0037B09B /* ContentViewModel.swift in Sources */,
				0B73E8552BACB6F300C6F91D /* BarcodeAPIManager.swift in Sources */,
				9BFA12692BAB8395000C0CB5 /* ColorExtension.swift in Sources */,
				0B1C228B2BB20C61003C5C0E /* DatePickerComponentHomeView.swift in Sources */,
				9B0D2C0B2BC068E70046EFF5 /* BackgroundShapeHeaderHomeView.swift in Sources */,
				0B73E85F2BAF5FEB00C6F91D /* RecentMealsViewModel.swift in Sources */,
				0B1C228F2BB20C82003C5C0E /* HomeViewModel.swift in Sources */,
				9BFA12512BAB63B1000C0CB5 /* TesteLeituraJSON.swift in Sources */,
				9BF783152BB5116B008CD198 /* StreakComponentView.swift in Sources */,
				0B7F9CF92B9104ED0037B09B /* FoodAPIManager.swift in Sources */,
				0B1C22882BB20C61003C5C0E /* MealCircleComponentHomeView.swift in Sources */,
				0B1C22642BB20031003C5C0E /* FoodsClassificatorApp.swift in Sources */,
				0B1C22892BB20C61003C5C0E /* WaterRectangleComponentHomeView.swift in Sources */,
				4A3F74A32BC44FD40080C021 /* FormsPage5.swift in Sources */,
				0B1C22742BB20551003C5C0E /* HomeTexts.swift in Sources */,
				9BFB9ECC2B8AA84F00BF3028 /* MLModel.swift in Sources */,
				0B63393E2BC0728F002D56E7 /* SearchFoodView.swift in Sources */,
				9BDAA28A2BB496CE000627F9 /* PerfilView.swift in Sources */,
				9BF783132BB50541008CD198 /* ModalTitles.swift in Sources */,
				0B63393C2BC071B3002D56E7 /* UseCameraView.swift in Sources */,
				9BF7830F2BB4B5B3008CD198 /* MotivationView.swift in Sources */,
				0B6339402BC09A12002D56E7 /* FoodItemCell.swift in Sources */,
				0B1C228A2BB20C61003C5C0E /* MealsCarrouselHomeView.swift in Sources */,
				9BFA12592BAB79A8000C0CB5 /* JsonDecoder.swift in Sources */,
				0B73E8692BAF627000C6F91D /* RecentMealCard.swift in Sources */,
				0B6339482BC44150002D56E7 /* CustomPickerView.swift in Sources */,
				9BFA125C2BAB7B5C000C0CB5 /* Errors.swift in Sources */,
				4AF7A7592BBDAA5A0057DF79 /* FooterHomeViewModel.swift in Sources */,
				4A3F74922BC39C950080C021 /* TextFieldRectangleComponent.swift in Sources */,
				9BEBDF8B2BA7611E0077632C /* ExampleViewModel.swift in Sources */,
				0B7F9D012B9179640037B09B /* NutritionModalView.swift in Sources */,
				4A1CCCBC2BBB4A6400ED750F /* OnboardingPage1.swift in Sources */,
				4A3F74892BC37B350080C021 /* FormsPage1.swift in Sources */,
				9BEBDF882BA760EA0077632C /* ExampleView.swift in Sources */,
				0B1C22812BB20C4A003C5C0E /* UserNameComponentHomeView.swift in Sources */,
				0B73E8572BAF55DD00C6F91D /* RecentMealsView.swift in Sources */,
				9BF783112BB4BBE9008CD198 /* DropDownComponentView.swift in Sources */,
			);
			runOnlyForDeploymentPostprocessing = 0;
		};
/* End PBXSourcesBuildPhase section */

/* Begin XCBuildConfiguration section */
		9BE179A82B8A567D0086877C /* Debug */ = {
			isa = XCBuildConfiguration;
			buildSettings = {
				ALWAYS_SEARCH_USER_PATHS = NO;
				ASSETCATALOG_COMPILER_GENERATE_SWIFT_ASSET_SYMBOL_EXTENSIONS = YES;
				CLANG_ANALYZER_NONNULL = YES;
				CLANG_ANALYZER_NUMBER_OBJECT_CONVERSION = YES_AGGRESSIVE;
				CLANG_CXX_LANGUAGE_STANDARD = "gnu++20";
				CLANG_ENABLE_MODULES = YES;
				CLANG_ENABLE_OBJC_ARC = YES;
				CLANG_ENABLE_OBJC_WEAK = YES;
				CLANG_WARN_BLOCK_CAPTURE_AUTORELEASING = YES;
				CLANG_WARN_BOOL_CONVERSION = YES;
				CLANG_WARN_COMMA = YES;
				CLANG_WARN_CONSTANT_CONVERSION = YES;
				CLANG_WARN_DEPRECATED_OBJC_IMPLEMENTATIONS = YES;
				CLANG_WARN_DIRECT_OBJC_ISA_USAGE = YES_ERROR;
				CLANG_WARN_DOCUMENTATION_COMMENTS = YES;
				CLANG_WARN_EMPTY_BODY = YES;
				CLANG_WARN_ENUM_CONVERSION = YES;
				CLANG_WARN_INFINITE_RECURSION = YES;
				CLANG_WARN_INT_CONVERSION = YES;
				CLANG_WARN_NON_LITERAL_NULL_CONVERSION = YES;
				CLANG_WARN_OBJC_IMPLICIT_RETAIN_SELF = YES;
				CLANG_WARN_OBJC_LITERAL_CONVERSION = YES;
				CLANG_WARN_OBJC_ROOT_CLASS = YES_ERROR;
				CLANG_WARN_QUOTED_INCLUDE_IN_FRAMEWORK_HEADER = YES;
				CLANG_WARN_RANGE_LOOP_ANALYSIS = YES;
				CLANG_WARN_STRICT_PROTOTYPES = YES;
				CLANG_WARN_SUSPICIOUS_MOVE = YES;
				CLANG_WARN_UNGUARDED_AVAILABILITY = YES_AGGRESSIVE;
				CLANG_WARN_UNREACHABLE_CODE = YES;
				CLANG_WARN__DUPLICATE_METHOD_MATCH = YES;
				COPY_PHASE_STRIP = NO;
				DEBUG_INFORMATION_FORMAT = dwarf;
				ENABLE_STRICT_OBJC_MSGSEND = YES;
				ENABLE_TESTABILITY = YES;
				ENABLE_USER_SCRIPT_SANDBOXING = YES;
				GCC_C_LANGUAGE_STANDARD = gnu17;
				GCC_DYNAMIC_NO_PIC = NO;
				GCC_NO_COMMON_BLOCKS = YES;
				GCC_OPTIMIZATION_LEVEL = 0;
				GCC_PREPROCESSOR_DEFINITIONS = (
					"DEBUG=1",
					"$(inherited)",
				);
				GCC_WARN_64_TO_32_BIT_CONVERSION = YES;
				GCC_WARN_ABOUT_RETURN_TYPE = YES_ERROR;
				GCC_WARN_UNDECLARED_SELECTOR = YES;
				GCC_WARN_UNINITIALIZED_AUTOS = YES_AGGRESSIVE;
				GCC_WARN_UNUSED_FUNCTION = YES;
				GCC_WARN_UNUSED_VARIABLE = YES;
				IPHONEOS_DEPLOYMENT_TARGET = 17.0;
				LOCALIZATION_PREFERS_STRING_CATALOGS = YES;
				MTL_ENABLE_DEBUG_INFO = INCLUDE_SOURCE;
				MTL_FAST_MATH = YES;
				ONLY_ACTIVE_ARCH = YES;
				SDKROOT = iphoneos;
				SWIFT_ACTIVE_COMPILATION_CONDITIONS = "DEBUG $(inherited)";
				SWIFT_OPTIMIZATION_LEVEL = "-Onone";
			};
			name = Debug;
		};
		9BE179A92B8A567D0086877C /* Release */ = {
			isa = XCBuildConfiguration;
			buildSettings = {
				ALWAYS_SEARCH_USER_PATHS = NO;
				ASSETCATALOG_COMPILER_GENERATE_SWIFT_ASSET_SYMBOL_EXTENSIONS = YES;
				CLANG_ANALYZER_NONNULL = YES;
				CLANG_ANALYZER_NUMBER_OBJECT_CONVERSION = YES_AGGRESSIVE;
				CLANG_CXX_LANGUAGE_STANDARD = "gnu++20";
				CLANG_ENABLE_MODULES = YES;
				CLANG_ENABLE_OBJC_ARC = YES;
				CLANG_ENABLE_OBJC_WEAK = YES;
				CLANG_WARN_BLOCK_CAPTURE_AUTORELEASING = YES;
				CLANG_WARN_BOOL_CONVERSION = YES;
				CLANG_WARN_COMMA = YES;
				CLANG_WARN_CONSTANT_CONVERSION = YES;
				CLANG_WARN_DEPRECATED_OBJC_IMPLEMENTATIONS = YES;
				CLANG_WARN_DIRECT_OBJC_ISA_USAGE = YES_ERROR;
				CLANG_WARN_DOCUMENTATION_COMMENTS = YES;
				CLANG_WARN_EMPTY_BODY = YES;
				CLANG_WARN_ENUM_CONVERSION = YES;
				CLANG_WARN_INFINITE_RECURSION = YES;
				CLANG_WARN_INT_CONVERSION = YES;
				CLANG_WARN_NON_LITERAL_NULL_CONVERSION = YES;
				CLANG_WARN_OBJC_IMPLICIT_RETAIN_SELF = YES;
				CLANG_WARN_OBJC_LITERAL_CONVERSION = YES;
				CLANG_WARN_OBJC_ROOT_CLASS = YES_ERROR;
				CLANG_WARN_QUOTED_INCLUDE_IN_FRAMEWORK_HEADER = YES;
				CLANG_WARN_RANGE_LOOP_ANALYSIS = YES;
				CLANG_WARN_STRICT_PROTOTYPES = YES;
				CLANG_WARN_SUSPICIOUS_MOVE = YES;
				CLANG_WARN_UNGUARDED_AVAILABILITY = YES_AGGRESSIVE;
				CLANG_WARN_UNREACHABLE_CODE = YES;
				CLANG_WARN__DUPLICATE_METHOD_MATCH = YES;
				COPY_PHASE_STRIP = NO;
				DEBUG_INFORMATION_FORMAT = "dwarf-with-dsym";
				ENABLE_NS_ASSERTIONS = NO;
				ENABLE_STRICT_OBJC_MSGSEND = YES;
				ENABLE_USER_SCRIPT_SANDBOXING = YES;
				GCC_C_LANGUAGE_STANDARD = gnu17;
				GCC_NO_COMMON_BLOCKS = YES;
				GCC_WARN_64_TO_32_BIT_CONVERSION = YES;
				GCC_WARN_ABOUT_RETURN_TYPE = YES_ERROR;
				GCC_WARN_UNDECLARED_SELECTOR = YES;
				GCC_WARN_UNINITIALIZED_AUTOS = YES_AGGRESSIVE;
				GCC_WARN_UNUSED_FUNCTION = YES;
				GCC_WARN_UNUSED_VARIABLE = YES;
				IPHONEOS_DEPLOYMENT_TARGET = 17.0;
				LOCALIZATION_PREFERS_STRING_CATALOGS = YES;
				MTL_ENABLE_DEBUG_INFO = NO;
				MTL_FAST_MATH = YES;
				SDKROOT = iphoneos;
				SWIFT_COMPILATION_MODE = wholemodule;
				VALIDATE_PRODUCT = YES;
			};
			name = Release;
		};
		9BE179AB2B8A567D0086877C /* Debug */ = {
			isa = XCBuildConfiguration;
			buildSettings = {
				ASSETCATALOG_COMPILER_APPICON_NAME = AppIcon;
				ASSETCATALOG_COMPILER_GLOBAL_ACCENT_COLOR_NAME = AccentColor;
				CODE_SIGN_STYLE = Automatic;
				CURRENT_PROJECT_VERSION = 1;
				DEVELOPMENT_ASSET_PATHS = "\"FoodsClassificator/Preview Content\"";
				DEVELOPMENT_TEAM = T46F5AK653;
				ENABLE_PREVIEWS = YES;
				GENERATE_INFOPLIST_FILE = YES;
				INFOPLIST_FILE = FoodsClassificator/Info.plist;
				INFOPLIST_KEY_CFBundleDisplayName = Papaia;
				INFOPLIST_KEY_LSApplicationCategoryType = "public.app-category.healthcare-fitness";
				INFOPLIST_KEY_NSCameraUsageDescription = "Access the camera";
				INFOPLIST_KEY_UIApplicationSceneManifest_Generation = YES;
				INFOPLIST_KEY_UIApplicationSupportsIndirectInputEvents = YES;
				INFOPLIST_KEY_UILaunchScreen_Generation = YES;
				INFOPLIST_KEY_UISupportedInterfaceOrientations = UIInterfaceOrientationPortrait;
				INFOPLIST_KEY_UISupportedInterfaceOrientations_iPad = "UIInterfaceOrientationLandscapeLeft UIInterfaceOrientationLandscapeRight UIInterfaceOrientationPortrait UIInterfaceOrientationPortraitUpsideDown";
				LD_RUNPATH_SEARCH_PATHS = (
					"$(inherited)",
					"@executable_path/Frameworks",
				);
				MARKETING_VERSION = 1.0;
				PRODUCT_BUNDLE_IDENTIFIER = VictorHugo.FoodsClassificator;
				PRODUCT_NAME = "$(TARGET_NAME)";
				SUPPORTED_PLATFORMS = "iphoneos iphonesimulator";
				SUPPORTS_MACCATALYST = NO;
				SUPPORTS_MAC_DESIGNED_FOR_IPHONE_IPAD = NO;
				SUPPORTS_XR_DESIGNED_FOR_IPHONE_IPAD = NO;
				SWIFT_EMIT_LOC_STRINGS = YES;
				SWIFT_VERSION = 5.0;
				TARGETED_DEVICE_FAMILY = 1;
			};
			name = Debug;
		};
		9BE179AC2B8A567D0086877C /* Release */ = {
			isa = XCBuildConfiguration;
			buildSettings = {
				ASSETCATALOG_COMPILER_APPICON_NAME = AppIcon;
				ASSETCATALOG_COMPILER_GLOBAL_ACCENT_COLOR_NAME = AccentColor;
				CODE_SIGN_STYLE = Automatic;
				CURRENT_PROJECT_VERSION = 1;
				DEVELOPMENT_ASSET_PATHS = "\"FoodsClassificator/Preview Content\"";
				DEVELOPMENT_TEAM = T46F5AK653;
				ENABLE_PREVIEWS = YES;
				GENERATE_INFOPLIST_FILE = YES;
				INFOPLIST_FILE = FoodsClassificator/Info.plist;
				INFOPLIST_KEY_CFBundleDisplayName = Papaia;
				INFOPLIST_KEY_LSApplicationCategoryType = "public.app-category.healthcare-fitness";
				INFOPLIST_KEY_NSCameraUsageDescription = "Access the camera";
				INFOPLIST_KEY_UIApplicationSceneManifest_Generation = YES;
				INFOPLIST_KEY_UIApplicationSupportsIndirectInputEvents = YES;
				INFOPLIST_KEY_UILaunchScreen_Generation = YES;
				INFOPLIST_KEY_UISupportedInterfaceOrientations = UIInterfaceOrientationPortrait;
				INFOPLIST_KEY_UISupportedInterfaceOrientations_iPad = "UIInterfaceOrientationLandscapeLeft UIInterfaceOrientationLandscapeRight UIInterfaceOrientationPortrait UIInterfaceOrientationPortraitUpsideDown";
				LD_RUNPATH_SEARCH_PATHS = (
					"$(inherited)",
					"@executable_path/Frameworks",
				);
				MARKETING_VERSION = 1.0;
				PRODUCT_BUNDLE_IDENTIFIER = VictorHugo.FoodsClassificator;
				PRODUCT_NAME = "$(TARGET_NAME)";
				SUPPORTED_PLATFORMS = "iphoneos iphonesimulator";
				SUPPORTS_MACCATALYST = NO;
				SUPPORTS_MAC_DESIGNED_FOR_IPHONE_IPAD = NO;
				SUPPORTS_XR_DESIGNED_FOR_IPHONE_IPAD = NO;
				SWIFT_EMIT_LOC_STRINGS = YES;
				SWIFT_VERSION = 5.0;
				TARGETED_DEVICE_FAMILY = 1;
			};
			name = Release;
		};
/* End XCBuildConfiguration section */

/* Begin XCConfigurationList section */
		9BE179972B8A567C0086877C /* Build configuration list for PBXProject "FoodsClassificator" */ = {
			isa = XCConfigurationList;
			buildConfigurations = (
				9BE179A82B8A567D0086877C /* Debug */,
				9BE179A92B8A567D0086877C /* Release */,
			);
			defaultConfigurationIsVisible = 0;
			defaultConfigurationName = Release;
		};
		9BE179AA2B8A567D0086877C /* Build configuration list for PBXNativeTarget "FoodsClassificator" */ = {
			isa = XCConfigurationList;
			buildConfigurations = (
				9BE179AB2B8A567D0086877C /* Debug */,
				9BE179AC2B8A567D0086877C /* Release */,
			);
			defaultConfigurationIsVisible = 0;
			defaultConfigurationName = Release;
		};
/* End XCConfigurationList section */

/* Begin XCRemoteSwiftPackageReference section */
		0B63392E2BC0397E002D56E7 /* XCRemoteSwiftPackageReference "Alamofire" */ = {
			isa = XCRemoteSwiftPackageReference;
			repositoryURL = "https://github.com/Alamofire/Alamofire";
			requirement = {
				kind = upToNextMajorVersion;
				minimumVersion = 5.9.1;
			};
		};
/* End XCRemoteSwiftPackageReference section */

/* Begin XCSwiftPackageProductDependency section */
		0B6339492BC4D20F002D56E7 /* Alamofire */ = {
			isa = XCSwiftPackageProductDependency;
			package = 0B63392E2BC0397E002D56E7 /* XCRemoteSwiftPackageReference "Alamofire" */;
			productName = Alamofire;
		};
/* End XCSwiftPackageProductDependency section */
	};
	rootObject = 9BE179942B8A567C0086877C /* Project object */;
}
