// !$*UTF8*$!
{
	archiveVersion = 1;
	classes = {
	};
	objectVersion = 56;
	objects = {

/* Begin PBXBuildFile section */
		9B9BA4862B8E16A2002A76AC /* AlimentosClassificator.mlmodel in Sources */ = {isa = PBXBuildFile; fileRef = 9B9BA4852B8E16A2002A76AC /* AlimentosClassificator.mlmodel */; };
		9BE179A02B8A567C0086877C /* FoodsClassificatorApp.swift in Sources */ = {isa = PBXBuildFile; fileRef = 9BE1799F2B8A567C0086877C /* FoodsClassificatorApp.swift */; };
		9BE179A22B8A567C0086877C /* ContentView.swift in Sources */ = {isa = PBXBuildFile; fileRef = 9BE179A12B8A567C0086877C /* ContentView.swift */; };
		9BE179A42B8A567D0086877C /* Assets.xcassets in Resources */ = {isa = PBXBuildFile; fileRef = 9BE179A32B8A567D0086877C /* Assets.xcassets */; };
		9BE179A72B8A567D0086877C /* Preview Assets.xcassets in Resources */ = {isa = PBXBuildFile; fileRef = 9BE179A62B8A567D0086877C /* Preview Assets.xcassets */; };
		9BFB9ECC2B8AA84F00BF3028 /* MLModel.swift in Sources */ = {isa = PBXBuildFile; fileRef = 9BFB9ECB2B8AA84F00BF3028 /* MLModel.swift */; };
		9BFB9ECE2B8AC9DB00BF3028 /* CameraView.swift in Sources */ = {isa = PBXBuildFile; fileRef = 9BFB9ECD2B8AC9DB00BF3028 /* CameraView.swift */; };
/* End PBXBuildFile section */

/* Begin PBXFileReference section */
		9B9BA4852B8E16A2002A76AC /* AlimentosClassificator.mlmodel */ = {isa = PBXFileReference; lastKnownFileType = file.mlmodel; path = AlimentosClassificator.mlmodel; sourceTree = "<group>"; };
		9BE1799C2B8A567C0086877C /* FoodsClassificator.app */ = {isa = PBXFileReference; explicitFileType = wrapper.application; includeInIndex = 0; path = FoodsClassificator.app; sourceTree = BUILT_PRODUCTS_DIR; };
		9BE1799F2B8A567C0086877C /* FoodsClassificatorApp.swift */ = {isa = PBXFileReference; lastKnownFileType = sourcecode.swift; path = FoodsClassificatorApp.swift; sourceTree = "<group>"; };
		9BE179A12B8A567C0086877C /* ContentView.swift */ = {isa = PBXFileReference; lastKnownFileType = sourcecode.swift; path = ContentView.swift; sourceTree = "<group>"; };
		9BE179A32B8A567D0086877C /* Assets.xcassets */ = {isa = PBXFileReference; lastKnownFileType = folder.assetcatalog; path = Assets.xcassets; sourceTree = "<group>"; };
		9BE179A62B8A567D0086877C /* Preview Assets.xcassets */ = {isa = PBXFileReference; lastKnownFileType = folder.assetcatalog; path = "Preview Assets.xcassets"; sourceTree = "<group>"; };
		9BFB9ECB2B8AA84F00BF3028 /* MLModel.swift */ = {isa = PBXFileReference; lastKnownFileType = sourcecode.swift; path = MLModel.swift; sourceTree = "<group>"; };
		9BFB9ECD2B8AC9DB00BF3028 /* CameraView.swift */ = {isa = PBXFileReference; lastKnownFileType = sourcecode.swift; path = CameraView.swift; sourceTree = "<group>"; };
/* End PBXFileReference section */

/* Begin PBXFrameworksBuildPhase section */
		9BE179992B8A567C0086877C /* Frameworks */ = {
			isa = PBXFrameworksBuildPhase;
			buildActionMask = 2147483647;
			files = (
			);
			runOnlyForDeploymentPostprocessing = 0;
		};
/* End PBXFrameworksBuildPhase section */

/* Begin PBXGroup section */
		9BE179932B8A567C0086877C = {
			isa = PBXGroup;
			children = (
				9B9BA4852B8E16A2002A76AC /* AlimentosClassificator.mlmodel */,
				9BE1799E2B8A567C0086877C /* FoodsClassificator */,
				9BE1799D2B8A567C0086877C /* Products */,
			);
			sourceTree = "<group>";
		};
		9BE1799D2B8A567C0086877C /* Products */ = {
			isa = PBXGroup;
			children = (
				9BE1799C2B8A567C0086877C /* FoodsClassificator.app */,
			);
			name = Products;
			sourceTree = "<group>";
		};
		9BE1799E2B8A567C0086877C /* FoodsClassificator */ = {
			isa = PBXGroup;
			children = (
				9BFB9ED12B8ADB0400BF3028 /* ViewModels */,
				9BFB9ED02B8AD9DD00BF3028 /* Views */,
				9BFB9ECF2B8AD94C00BF3028 /* CreateMLModel */,
				9BE1799F2B8A567C0086877C /* FoodsClassificatorApp.swift */,
				9BE179A32B8A567D0086877C /* Assets.xcassets */,
				9BE179A52B8A567D0086877C /* Preview Content */,
			);
			path = FoodsClassificator;
			sourceTree = "<group>";
		};
		9BE179A52B8A567D0086877C /* Preview Content */ = {
			isa = PBXGroup;
			children = (
				9BE179A62B8A567D0086877C /* Preview Assets.xcassets */,
			);
			path = "Preview Content";
			sourceTree = "<group>";
		};
		9BFB9ECF2B8AD94C00BF3028 /* CreateMLModel */ = {
			isa = PBXGroup;
			children = (
				9BFB9ECB2B8AA84F00BF3028 /* MLModel.swift */,
			);
			path = CreateMLModel;
			sourceTree = "<group>";
		};
		9BFB9ED02B8AD9DD00BF3028 /* Views */ = {
			isa = PBXGroup;
			children = (
				9BE179A12B8A567C0086877C /* ContentView.swift */,
				9BFB9ECD2B8AC9DB00BF3028 /* CameraView.swift */,
			);
			path = Views;
			sourceTree = "<group>";
		};
		9BFB9ED12B8ADB0400BF3028 /* ViewModels */ = {
			isa = PBXGroup;
			children = (
			);
			path = ViewModels;
			sourceTree = "<group>";
		};
/* End PBXGroup section */

/* Begin PBXNativeTarget section */
		9BE1799B2B8A567C0086877C /* FoodsClassificator */ = {
			isa = PBXNativeTarget;
			buildConfigurationList = 9BE179AA2B8A567D0086877C /* Build configuration list for PBXNativeTarget "FoodsClassificator" */;
			buildPhases = (
				9BE179982B8A567C0086877C /* Sources */,
				9BE179992B8A567C0086877C /* Frameworks */,
				9BE1799A2B8A567C0086877C /* Resources */,
			);
			buildRules = (
			);
			dependencies = (
			);
			name = FoodsClassificator;
			productName = FoodsClassificator;
			productReference = 9BE1799C2B8A567C0086877C /* FoodsClassificator.app */;
			productType = "com.apple.product-type.application";
		};
/* End PBXNativeTarget section */

/* Begin PBXProject section */
		9BE179942B8A567C0086877C /* Project object */ = {
			isa = PBXProject;
			attributes = {
				BuildIndependentTargetsInParallel = 1;
				LastSwiftUpdateCheck = 1520;
				LastUpgradeCheck = 1520;
				TargetAttributes = {
					9BE1799B2B8A567C0086877C = {
						CreatedOnToolsVersion = 15.2;
					};
				};
			};
			buildConfigurationList = 9BE179972B8A567C0086877C /* Build configuration list for PBXProject "FoodsClassificator" */;
			compatibilityVersion = "Xcode 14.0";
			developmentRegion = en;
			hasScannedForEncodings = 0;
			knownRegions = (
				en,
				Base,
			);
			mainGroup = 9BE179932B8A567C0086877C;
			productRefGroup = 9BE1799D2B8A567C0086877C /* Products */;
			projectDirPath = "";
			projectRoot = "";
			targets = (
				9BE1799B2B8A567C0086877C /* FoodsClassificator */,
			);
		};
/* End PBXProject section */

/* Begin PBXResourcesBuildPhase section */
		9BE1799A2B8A567C0086877C /* Resources */ = {
			isa = PBXResourcesBuildPhase;
			buildActionMask = 2147483647;
			files = (
				9BE179A72B8A567D0086877C /* Preview Assets.xcassets in Resources */,
				9BE179A42B8A567D0086877C /* Assets.xcassets in Resources */,
			);
			runOnlyForDeploymentPostprocessing = 0;
		};
/* End PBXResourcesBuildPhase section */

/* Begin PBXSourcesBuildPhase section */
		9BE179982B8A567C0086877C /* Sources */ = {
			isa = PBXSourcesBuildPhase;
			buildActionMask = 2147483647;
			files = (
				9BE179A22B8A567C0086877C /* ContentView.swift in Sources */,
				9B9BA4862B8E16A2002A76AC /* AlimentosClassificator.mlmodel in Sources */,
				9BE179A02B8A567C0086877C /* FoodsClassificatorApp.swift in Sources */,
				9BFB9ECE2B8AC9DB00BF3028 /* CameraView.swift in Sources */,
				9BFB9ECC2B8AA84F00BF3028 /* MLModel.swift in Sources */,
			);
			runOnlyForDeploymentPostprocessing = 0;
		};
/* End PBXSourcesBuildPhase section */

/* Begin XCBuildConfiguration section */
		9BE179A82B8A567D0086877C /* Debug */ = {
			isa = XCBuildConfiguration;
			buildSettings = {
				ALWAYS_SEARCH_USER_PATHS = NO;
				ASSETCATALOG_COMPILER_GENERATE_SWIFT_ASSET_SYMBOL_EXTENSIONS = YES;
				CLANG_ANALYZER_NONNULL = YES;
				CLANG_ANALYZER_NUMBER_OBJECT_CONVERSION = YES_AGGRESSIVE;
				CLANG_CXX_LANGUAGE_STANDARD = "gnu++20";
				CLANG_ENABLE_MODULES = YES;
				CLANG_ENABLE_OBJC_ARC = YES;
				CLANG_ENABLE_OBJC_WEAK = YES;
				CLANG_WARN_BLOCK_CAPTURE_AUTORELEASING = YES;
				CLANG_WARN_BOOL_CONVERSION = YES;
				CLANG_WARN_COMMA = YES;
				CLANG_WARN_CONSTANT_CONVERSION = YES;
				CLANG_WARN_DEPRECATED_OBJC_IMPLEMENTATIONS = YES;
				CLANG_WARN_DIRECT_OBJC_ISA_USAGE = YES_ERROR;
				CLANG_WARN_DOCUMENTATION_COMMENTS = YES;
				CLANG_WARN_EMPTY_BODY = YES;
				CLANG_WARN_ENUM_CONVERSION = YES;
				CLANG_WARN_INFINITE_RECURSION = YES;
				CLANG_WARN_INT_CONVERSION = YES;
				CLANG_WARN_NON_LITERAL_NULL_CONVERSION = YES;
				CLANG_WARN_OBJC_IMPLICIT_RETAIN_SELF = YES;
				CLANG_WARN_OBJC_LITERAL_CONVERSION = YES;
				CLANG_WARN_OBJC_ROOT_CLASS = YES_ERROR;
				CLANG_WARN_QUOTED_INCLUDE_IN_FRAMEWORK_HEADER = YES;
				CLANG_WARN_RANGE_LOOP_ANALYSIS = YES;
				CLANG_WARN_STRICT_PROTOTYPES = YES;
				CLANG_WARN_SUSPICIOUS_MOVE = YES;
				CLANG_WARN_UNGUARDED_AVAILABILITY = YES_AGGRESSIVE;
				CLANG_WARN_UNREACHABLE_CODE = YES;
				CLANG_WARN__DUPLICATE_METHOD_MATCH = YES;
				COPY_PHASE_STRIP = NO;
				DEBUG_INFORMATION_FORMAT = dwarf;
				ENABLE_STRICT_OBJC_MSGSEND = YES;
				ENABLE_TESTABILITY = YES;
				ENABLE_USER_SCRIPT_SANDBOXING = YES;
				GCC_C_LANGUAGE_STANDARD = gnu17;
				GCC_DYNAMIC_NO_PIC = NO;
				GCC_NO_COMMON_BLOCKS = YES;
				GCC_OPTIMIZATION_LEVEL = 0;
				GCC_PREPROCESSOR_DEFINITIONS = (
					"DEBUG=1",
					"$(inherited)",
				);
				GCC_WARN_64_TO_32_BIT_CONVERSION = YES;
				GCC_WARN_ABOUT_RETURN_TYPE = YES_ERROR;
				GCC_WARN_UNDECLARED_SELECTOR = YES;
				GCC_WARN_UNINITIALIZED_AUTOS = YES_AGGRESSIVE;
				GCC_WARN_UNUSED_FUNCTION = YES;
				GCC_WARN_UNUSED_VARIABLE = YES;
				IPHONEOS_DEPLOYMENT_TARGET = 17.2;
				LOCALIZATION_PREFERS_STRING_CATALOGS = YES;
				MTL_ENABLE_DEBUG_INFO = INCLUDE_SOURCE;
				MTL_FAST_MATH = YES;
				ONLY_ACTIVE_ARCH = YES;
				SDKROOT = iphoneos;
				SWIFT_ACTIVE_COMPILATION_CONDITIONS = "DEBUG $(inherited)";
				SWIFT_OPTIMIZATION_LEVEL = "-Onone";
			};
			name = Debug;
		};
		9BE179A92B8A567D0086877C /* Release */ = {
			isa = XCBuildConfiguration;
			buildSettings = {
				ALWAYS_SEARCH_USER_PATHS = NO;
				ASSETCATALOG_COMPILER_GENERATE_SWIFT_ASSET_SYMBOL_EXTENSIONS = YES;
				CLANG_ANALYZER_NONNULL = YES;
				CLANG_ANALYZER_NUMBER_OBJECT_CONVERSION = YES_AGGRESSIVE;
				CLANG_CXX_LANGUAGE_STANDARD = "gnu++20";
				CLANG_ENABLE_MODULES = YES;
				CLANG_ENABLE_OBJC_ARC = YES;
				CLANG_ENABLE_OBJC_WEAK = YES;
				CLANG_WARN_BLOCK_CAPTURE_AUTORELEASING = YES;
				CLANG_WARN_BOOL_CONVERSION = YES;
				CLANG_WARN_COMMA = YES;
				CLANG_WARN_CONSTANT_CONVERSION = YES;
				CLANG_WARN_DEPRECATED_OBJC_IMPLEMENTATIONS = YES;
				CLANG_WARN_DIRECT_OBJC_ISA_USAGE = YES_ERROR;
				CLANG_WARN_DOCUMENTATION_COMMENTS = YES;
				CLANG_WARN_EMPTY_BODY = YES;
				CLANG_WARN_ENUM_CONVERSION = YES;
				CLANG_WARN_INFINITE_RECURSION = YES;
				CLANG_WARN_INT_CONVERSION = YES;
				CLANG_WARN_NON_LITERAL_NULL_CONVERSION = YES;
				CLANG_WARN_OBJC_IMPLICIT_RETAIN_SELF = YES;
				CLANG_WARN_OBJC_LITERAL_CONVERSION = YES;
				CLANG_WARN_OBJC_ROOT_CLASS = YES_ERROR;
				CLANG_WARN_QUOTED_INCLUDE_IN_FRAMEWORK_HEADER = YES;
				CLANG_WARN_RANGE_LOOP_ANALYSIS = YES;
				CLANG_WARN_STRICT_PROTOTYPES = YES;
				CLANG_WARN_SUSPICIOUS_MOVE = YES;
				CLANG_WARN_UNGUARDED_AVAILABILITY = YES_AGGRESSIVE;
				CLANG_WARN_UNREACHABLE_CODE = YES;
				CLANG_WARN__DUPLICATE_METHOD_MATCH = YES;
				COPY_PHASE_STRIP = NO;
				DEBUG_INFORMATION_FORMAT = "dwarf-with-dsym";
				ENABLE_NS_ASSERTIONS = NO;
				ENABLE_STRICT_OBJC_MSGSEND = YES;
				ENABLE_USER_SCRIPT_SANDBOXING = YES;
				GCC_C_LANGUAGE_STANDARD = gnu17;
				GCC_NO_COMMON_BLOCKS = YES;
				GCC_WARN_64_TO_32_BIT_CONVERSION = YES;
				GCC_WARN_ABOUT_RETURN_TYPE = YES_ERROR;
				GCC_WARN_UNDECLARED_SELECTOR = YES;
				GCC_WARN_UNINITIALIZED_AUTOS = YES_AGGRESSIVE;
				GCC_WARN_UNUSED_FUNCTION = YES;
				GCC_WARN_UNUSED_VARIABLE = YES;
				IPHONEOS_DEPLOYMENT_TARGET = 17.2;
				LOCALIZATION_PREFERS_STRING_CATALOGS = YES;
				MTL_ENABLE_DEBUG_INFO = NO;
				MTL_FAST_MATH = YES;
				SDKROOT = iphoneos;
				SWIFT_COMPILATION_MODE = wholemodule;
				VALIDATE_PRODUCT = YES;
			};
			name = Release;
		};
		9BE179AB2B8A567D0086877C /* Debug */ = {
			isa = XCBuildConfiguration;
			buildSettings = {
				ASSETCATALOG_COMPILER_APPICON_NAME = AppIcon;
				ASSETCATALOG_COMPILER_GLOBAL_ACCENT_COLOR_NAME = AccentColor;
				CODE_SIGN_STYLE = Automatic;
				CURRENT_PROJECT_VERSION = 1;
				DEVELOPMENT_ASSET_PATHS = "\"FoodsClassificator/Preview Content\"";
				DEVELOPMENT_TEAM = K559Z2V9Q2;
				ENABLE_PREVIEWS = YES;
				GENERATE_INFOPLIST_FILE = YES;
				INFOPLIST_KEY_NSCameraUsageDescription = "Access the camera";
				INFOPLIST_KEY_UIApplicationSceneManifest_Generation = YES;
				INFOPLIST_KEY_UIApplicationSupportsIndirectInputEvents = YES;
				INFOPLIST_KEY_UILaunchScreen_Generation = YES;
				INFOPLIST_KEY_UISupportedInterfaceOrientations_iPad = "UIInterfaceOrientationPortrait UIInterfaceOrientationPortraitUpsideDown UIInterfaceOrientationLandscapeLeft UIInterfaceOrientationLandscapeRight";
				INFOPLIST_KEY_UISupportedInterfaceOrientations_iPhone = "UIInterfaceOrientationPortrait UIInterfaceOrientationLandscapeLeft UIInterfaceOrientationLandscapeRight";
				LD_RUNPATH_SEARCH_PATHS = (
					"$(inherited)",
					"@executable_path/Frameworks",
				);
				MARKETING_VERSION = 1.0;
				PRODUCT_BUNDLE_IDENTIFIER = VictorHugo.FoodsClassificator;
				PRODUCT_NAME = "$(TARGET_NAME)";
				SWIFT_EMIT_LOC_STRINGS = YES;
				SWIFT_VERSION = 5.0;
				TARGETED_DEVICE_FAMILY = "1,2";
			};
			name = Debug;
		};
		9BE179AC2B8A567D0086877C /* Release */ = {
			isa = XCBuildConfiguration;
			buildSettings = {
				ASSETCATALOG_COMPILER_APPICON_NAME = AppIcon;
				ASSETCATALOG_COMPILER_GLOBAL_ACCENT_COLOR_NAME = AccentColor;
				CODE_SIGN_STYLE = Automatic;
				CURRENT_PROJECT_VERSION = 1;
				DEVELOPMENT_ASSET_PATHS = "\"FoodsClassificator/Preview Content\"";
				DEVELOPMENT_TEAM = K559Z2V9Q2;
				ENABLE_PREVIEWS = YES;
				GENERATE_INFOPLIST_FILE = YES;
				INFOPLIST_KEY_NSCameraUsageDescription = "Access the camera";
				INFOPLIST_KEY_UIApplicationSceneManifest_Generation = YES;
				INFOPLIST_KEY_UIApplicationSupportsIndirectInputEvents = YES;
				INFOPLIST_KEY_UILaunchScreen_Generation = YES;
				INFOPLIST_KEY_UISupportedInterfaceOrientations_iPad = "UIInterfaceOrientationPortrait UIInterfaceOrientationPortraitUpsideDown UIInterfaceOrientationLandscapeLeft UIInterfaceOrientationLandscapeRight";
				INFOPLIST_KEY_UISupportedInterfaceOrientations_iPhone = "UIInterfaceOrientationPortrait UIInterfaceOrientationLandscapeLeft UIInterfaceOrientationLandscapeRight";
				LD_RUNPATH_SEARCH_PATHS = (
					"$(inherited)",
					"@executable_path/Frameworks",
				);
				MARKETING_VERSION = 1.0;
				PRODUCT_BUNDLE_IDENTIFIER = VictorHugo.FoodsClassificator;
				PRODUCT_NAME = "$(TARGET_NAME)";
				SWIFT_EMIT_LOC_STRINGS = YES;
				SWIFT_VERSION = 5.0;
				TARGETED_DEVICE_FAMILY = "1,2";
			};
			name = Release;
		};
/* End XCBuildConfiguration section */

/* Begin XCConfigurationList section */
		9BE179972B8A567C0086877C /* Build configuration list for PBXProject "FoodsClassificator" */ = {
			isa = XCConfigurationList;
			buildConfigurations = (
				9BE179A82B8A567D0086877C /* Debug */,
				9BE179A92B8A567D0086877C /* Release */,
			);
			defaultConfigurationIsVisible = 0;
			defaultConfigurationName = Release;
		};
		9BE179AA2B8A567D0086877C /* Build configuration list for PBXNativeTarget "FoodsClassificator" */ = {
			isa = XCConfigurationList;
			buildConfigurations = (
				9BE179AB2B8A567D0086877C /* Debug */,
				9BE179AC2B8A567D0086877C /* Release */,
			);
			defaultConfigurationIsVisible = 0;
			defaultConfigurationName = Release;
		};
/* End XCConfigurationList section */
	};
	rootObject = 9BE179942B8A567C0086877C /* Project object */;
}
